
Microsoft Visual Studio Solution File, Format Version 12.00
# Visual Studio Version 17
VisualStudioVersion = 17.0.31903.59
MinimumVisualStudioVersion = 10.0.40219.1
Project("{FAE04EC0-301F-11D3-BF4B-00C04F79EFBC}") = "CrtBaseConsts", "Pkg\CrtBaseConsts\Files\CrtBaseConsts.csproj", "{7C6DB8D5-8E84-4D14-86D4-D2C82A31353E}"
EndProject
Project("{FAE04EC0-301F-11D3-BF4B-00C04F79EFBC}") = "CrtFeatureToggling", "Pkg\CrtFeatureToggling\Files\CrtFeatureToggling.csproj", "{A7E77F25-F183-4DEF-AAD0-35FA7826A943}"
EndProject
Project("{FAE04EC0-301F-11D3-BF4B-00C04F79EFBC}") = "CrtCoreBase", "Pkg\CrtCoreBase\Files\CrtCoreBase.csproj", "{CE4DEDF6-E704-4C0A-A409-7DBF3C9C4CE2}"
EndProject
Project("{FAE04EC0-301F-11D3-BF4B-00C04F79EFBC}") = "CrtEmailSender", "Pkg\CrtEmailSender\Files\CrtEmailSender.csproj", "{9C21191A-8834-4B4C-8340-B7394CF98CD4}"
EndProject
Project("{FAE04EC0-301F-11D3-BF4B-00C04F79EFBC}") = "CrtUIPlatform7x", "Pkg\CrtUIPlatform7x\Files\CrtUIPlatform7x.csproj", "{7A783B3C-58DE-426B-86ED-4D000FD4A5B2}"
EndProject
Project("{FAE04EC0-301F-11D3-BF4B-00C04F79EFBC}") = "CrtUIPlatform", "Pkg\CrtUIPlatform\Files\CrtUIPlatform.csproj", "{972DD471-6E69-4771-B7BD-92EB66B23C48}"
EndProject
Project("{FAE04EC0-301F-11D3-BF4B-00C04F79EFBC}") = "CrtMLangContent", "Pkg\CrtMLangContent\Files\CrtMLangContent.csproj", "{4A3B9D6F-76AB-4FFC-B55E-8284A3EA7D89}"
EndProject
Project("{FAE04EC0-301F-11D3-BF4B-00C04F79EFBC}") = "CrtMacrosBase", "Pkg\CrtMacrosBase\Files\CrtMacrosBase.csproj", "{A14D4841-54A9-4921-A2AA-32A055E11FFE}"
EndProject
Project("{FAE04EC0-301F-11D3-BF4B-00C04F79EFBC}") = "CrtMessage", "Pkg\CrtMessage\Files\CrtMessage.csproj", "{63BD56B8-0C47-4BD2-A202-BA0B513D7E28}"
EndProject
Project("{FAE04EC0-301F-11D3-BF4B-00C04F79EFBC}") = "CrtCalendar", "Pkg\CrtCalendar\Files\CrtCalendar.csproj", "{ED03B61E-DA9E-46FA-A869-1DF18BAEB84A}"
EndProject
Project("{FAE04EC0-301F-11D3-BF4B-00C04F79EFBC}") = "CalendarBase", "Pkg\CalendarBase\Files\CalendarBase.csproj", "{35987E7D-FBB5-4650-BBE6-7A727D683087}"
EndProject
Project("{FAE04EC0-301F-11D3-BF4B-00C04F79EFBC}") = "CrtEmailTemplate", "Pkg\CrtEmailTemplate\Files\CrtEmailTemplate.csproj", "{86314408-E892-4E70-928F-C5AA70BC346C}"
EndProject
Project("{FAE04EC0-301F-11D3-BF4B-00C04F79EFBC}") = "CrtSecurity", "Pkg\CrtSecurity\Files\CrtSecurity.csproj", "{6BF8853C-B1CF-4A55-8226-893C9C462D87}"
EndProject
Project("{FAE04EC0-301F-11D3-BF4B-00C04F79EFBC}") = "CrtML", "Pkg\CrtML\Files\CrtML.csproj", "{93992AC6-9A36-4051-A6C6-3A51A8EC5532}"
EndProject
Project("{FAE04EC0-301F-11D3-BF4B-00C04F79EFBC}") = "CrtWebhookServiceBase", "Pkg\CrtWebhookServiceBase\Files\CrtWebhookServiceBase.csproj", "{82FBFC12-4EAA-4012-8492-CD7D0A9733FF}"
EndProject
Project("{FAE04EC0-301F-11D3-BF4B-00C04F79EFBC}") = "CrtCopilot", "Pkg\CrtCopilot\Files\CrtCopilot.csproj", "{7A67F764-456D-42FA-BDC0-1516552A0CDF}"
EndProject
Project("{FAE04EC0-301F-11D3-BF4B-00C04F79EFBC}") = "CSP", "Pkg\CSP\Files\CSP.csproj", "{32B87FDF-626A-439E-B305-FB2877DEBBAF}"
EndProject
Project("{FAE04EC0-301F-11D3-BF4B-00C04F79EFBC}") = "CrtSmsIntegration", "Pkg\CrtSmsIntegration\Files\CrtSmsIntegration.csproj", "{7255A261-6AF9-4C81-9987-3CC10BBBCC32}"
EndProject
Project("{FAE04EC0-301F-11D3-BF4B-00C04F79EFBC}") = "CrtWebFormBase", "Pkg\CrtWebFormBase\Files\CrtWebFormBase.csproj", "{B485ADC3-8804-4B9E-AEDC-3B36F5795943}"
EndProject
Project("{FAE04EC0-301F-11D3-BF4B-00C04F79EFBC}") = "CrtCopilotIntentsStudio", "Pkg\CrtCopilotIntentsStudio\Files\CrtCopilotIntentsStudio.csproj", "{026B3151-399C-4CB7-8D19-C9F33265CAEA}"
EndProject
Project("{FAE04EC0-301F-11D3-BF4B-00C04F79EFBC}") = "OpenIdAuth", "Pkg\OpenIdAuth\Files\OpenIdAuth.csproj", "{90D6ECEB-7642-45D3-84F5-D0469853BFE2}"
EndProject
Project("{FAE04EC0-301F-11D3-BF4B-00C04F79EFBC}") = "FeatureToggling", "Pkg\FeatureToggling\Files\FeatureToggling.csproj", "{FD5B404B-C915-4CF5-9DC3-7B34ACC0CBB1}"
EndProject
Project("{FAE04EC0-301F-11D3-BF4B-00C04F79EFBC}") = "CrtNextStep", "Pkg\CrtNextStep\Files\CrtNextStep.csproj", "{6BBDA990-A89F-4B07-B866-14BE384DD7A7}"
EndProject
Project("{FAE04EC0-301F-11D3-BF4B-00C04F79EFBC}") = "CrtStudioCopilot", "Pkg\CrtStudioCopilot\Files\CrtStudioCopilot.csproj", "{8B63B9BD-DABE-4632-884B-7A83607C8C80}"
EndProject
Project("{FAE04EC0-301F-11D3-BF4B-00C04F79EFBC}") = "CrtUISwitcher", "Pkg\CrtUISwitcher\Files\CrtUISwitcher.csproj", "{4A9B05F8-CF8E-44A4-8BDB-07D8E5CB942D}"
EndProject
Project("{FAE04EC0-301F-11D3-BF4B-00C04F79EFBC}") = "SsoSettings", "Pkg\SsoSettings\Files\SsoSettings.csproj", "{2A35AEAA-6AA7-46FA-A6D4-47F9A8EEAC26}"
EndProject
Project("{FAE04EC0-301F-11D3-BF4B-00C04F79EFBC}") = "CrtMobileFreedomUIStylesFor7x", "Pkg\CrtMobileFreedomUIStylesFor7x\Files\CrtMobileFreedomUIStylesFor7x.csproj", "{C1867079-A2A4-466D-A908-C1FA0FCD6D82}"
EndProject
Project("{FAE04EC0-301F-11D3-BF4B-00C04F79EFBC}") = "CrtOmnichannelApp", "Pkg\CrtOmnichannelApp\Files\CrtOmnichannelApp.csproj", "{F11962E2-1EF2-49A3-9D79-08877A9F475B}"
EndProject
Project("{FAE04EC0-301F-11D3-BF4B-00C04F79EFBC}") = "Finesse", "Pkg\Finesse\Files\Finesse.csproj", "{AA5B5713-FB6C-4F25-BF8E-9D6F77527CEA}"
EndProject
Project("{FAE04EC0-301F-11D3-BF4B-00C04F79EFBC}") = "MLProcessDesigner", "Pkg\MLProcessDesigner\Files\MLProcessDesigner.csproj", "{78C38130-BB15-4956-859B-EF7E80E91E40}"
EndProject
Project("{FAE04EC0-301F-11D3-BF4B-00C04F79EFBC}") = "XSSProtection", "Pkg\XSSProtection\Files\XSSProtection.csproj", "{FB1EDBA2-30F4-464D-ACD6-9EE6F52F3AEE}"
EndProject
Project("{FAE04EC0-301F-11D3-BF4B-00C04F79EFBC}") = "CrtTouchPointBase", "Pkg\CrtTouchPointBase\Files\CrtTouchPointBase.csproj", "{3FF62945-CEBC-47A5-9878-D2FA44434B56}"
EndProject
Project("{FAE04EC0-301F-11D3-BF4B-00C04F79EFBC}") = "CrtCore", "Pkg\CrtCore\Files\CrtCore.csproj", "{634956FC-633F-4AFD-8EB2-EAC2B8E7DEFB}"
EndProject
Project("{FAE04EC0-301F-11D3-BF4B-00C04F79EFBC}") = "CrtProductivityCopilot", "Pkg\CrtProductivityCopilot\Files\CrtProductivityCopilot.csproj", "{855CB176-EB49-4E54-A1A2-E18574CAB56A}"
EndProject
Project("{FAE04EC0-301F-11D3-BF4B-00C04F79EFBC}") = "CrtProductivityMobile", "Pkg\CrtProductivityMobile\Files\CrtProductivityMobile.csproj", "{58151C3C-BF22-4485-B1F3-1A5ED591425C}"
EndProject
Project("{FAE04EC0-301F-11D3-BF4B-00C04F79EFBC}") = "CrtTouchPoint", "Pkg\CrtTouchPoint\Files\CrtTouchPoint.csproj", "{D7602585-AD22-4EB0-B8DD-B2552B4FE808}"
EndProject
Project("{FAE04EC0-301F-11D3-BF4B-00C04F79EFBC}") = "CrtTechnicalUsers", "Pkg\CrtTechnicalUsers\Files\CrtTechnicalUsers.csproj", "{40CB00DD-3EF2-470B-BD3C-FA219627C5D1}"
EndProject
Project("{FAE04EC0-301F-11D3-BF4B-00C04F79EFBC}") = "CrtProductivityApp", "Pkg\CrtProductivityApp\Files\CrtProductivityApp.csproj", "{A420F25B-DCFF-4D29-B35F-1AF44095750A}"
EndProject
Project("{FAE04EC0-301F-11D3-BF4B-00C04F79EFBC}") = "CrtSecurity7x", "Pkg\CrtSecurity7x\Files\CrtSecurity7x.csproj", "{7E7F47B4-ACD6-41D3-831E-F072C8B344E6}"
EndProject
Project("{FAE04EC0-301F-11D3-BF4B-00C04F79EFBC}") = "CrtCall", "Pkg\CrtCall\Files\CrtCall.csproj", "{AA103879-9341-4F20-AD72-ED608A199A04}"
EndProject
Project("{FAE04EC0-301F-11D3-BF4B-00C04F79EFBC}") = "CrtLead", "Pkg\CrtLead\Files\CrtLead.csproj", "{E74BDF16-22DA-4953-A968-49FE3C007932}"
EndProject
Project("{FAE04EC0-301F-11D3-BF4B-00C04F79EFBC}") = "CrtMLLeadScoring", "Pkg\CrtMLLeadScoring\Files\CrtMLLeadScoring.csproj", "{79CD1C38-D4D5-4A6D-B375-56ACB02F41CA}"
EndProject
Project("{FAE04EC0-301F-11D3-BF4B-00C04F79EFBC}") = "CrtJunkFilter", "Pkg\CrtJunkFilter\Files\CrtJunkFilter.csproj", "{5369CFD1-7683-4BB4-BCDF-450C62DC8E25}"
EndProject
Project("{FAE04EC0-301F-11D3-BF4B-00C04F79EFBC}") = "CrtSpecification", "Pkg\CrtSpecification\Files\CrtSpecification.csproj", "{9ADD36FB-7185-4934-8EE7-FD0419C29BCA}"
EndProject
Project("{FAE04EC0-301F-11D3-BF4B-00C04F79EFBC}") = "CrtCase7x", "Pkg\CrtCase7x\Files\CrtCase7x.csproj", "{BA38D321-4EF5-443A-A215-3B556290B1CB}"
EndProject
Project("{FAE04EC0-301F-11D3-BF4B-00C04F79EFBC}") = "CrtCaseManagmentObject", "Pkg\CrtCaseManagmentObject\Files\CrtCaseManagmentObject.csproj", "{4BB5E60F-BD63-4761-8DDB-B6256A6DBED9}"
EndProject
Project("{FAE04EC0-301F-11D3-BF4B-00C04F79EFBC}") = "CrtCustomer360Mobile", "Pkg\CrtCustomer360Mobile\Files\CrtCustomer360Mobile.csproj", "{1D348DB9-F6E6-4341-849F-7B65AE45B935}"
EndProject
Project("{FAE04EC0-301F-11D3-BF4B-00C04F79EFBC}") = "CrtEmailMessage", "Pkg\CrtEmailMessage\Files\CrtEmailMessage.csproj", "{37F91E3E-E02B-423F-8560-6C7DB38FB567}"
EndProject
Project("{FAE04EC0-301F-11D3-BF4B-00C04F79EFBC}") = "CrtProductBase", "Pkg\CrtProductBase\Files\CrtProductBase.csproj", "{B776A50B-36DE-46FE-AC29-540B10A52AAD}"
EndProject
Project("{FAE04EC0-301F-11D3-BF4B-00C04F79EFBC}") = "CrtCustomer360App", "Pkg\CrtCustomer360App\Files\CrtCustomer360App.csproj", "{EF18B609-4909-4E41-BF71-4BA1D8F75C02}"
EndProject
Project("{FAE04EC0-301F-11D3-BF4B-00C04F79EFBC}") = "CrtTouchInWebForm", "Pkg\CrtTouchInWebForm\Files\CrtTouchInWebForm.csproj", "{7256EC9D-C113-4485-9363-FF582DD9970C}"
EndProject
Project("{FAE04EC0-301F-11D3-BF4B-00C04F79EFBC}") = "CrtProductSpecification", "Pkg\CrtProductSpecification\Files\CrtProductSpecification.csproj", "{02AF14AE-04F7-487F-BE0B-B06B51020A40}"
EndProject
Project("{FAE04EC0-301F-11D3-BF4B-00C04F79EFBC}") = "CrtCaseService", "Pkg\CrtCaseService\Files\CrtCaseService.csproj", "{56CB1F7F-F4F4-40C9-8E6E-BF37F8901DB4}"
EndProject
Project("{FAE04EC0-301F-11D3-BF4B-00C04F79EFBC}") = "CrtBaseFinservConsts", "Pkg\CrtBaseFinservConsts\Files\CrtBaseFinservConsts.csproj", "{48DA6010-BA7D-4526-9DE0-2CF64005B9AE}"
EndProject
Project("{FAE04EC0-301F-11D3-BF4B-00C04F79EFBC}") = "MLCaseClassification", "Pkg\MLCaseClassification\Files\MLCaseClassification.csproj", "{46F4EE35-2A06-4883-A3A6-F5B9D000D898}"
EndProject
Project("{FAE04EC0-301F-11D3-BF4B-00C04F79EFBC}") = "CrtRecommendedProduct", "Pkg\CrtRecommendedProduct\Files\CrtRecommendedProduct.csproj", "{007DC3A7-3B55-4722-BAD0-4F086F952742}"
EndProject
Project("{FAE04EC0-301F-11D3-BF4B-00C04F79EFBC}") = "CrtFinservSpecification", "Pkg\CrtFinservSpecification\Files\CrtFinservSpecification.csproj", "{E2052760-5E70-4DDA-A097-55AA80D20A51}"
EndProject
Project("{FAE04EC0-301F-11D3-BF4B-00C04F79EFBC}") = "CrtContractVisaProvider", "Pkg\CrtContractVisaProvider\Files\CrtContractVisaProvider.csproj", "{535CF9B0-488D-4A35-B952-88B109970338}"
EndProject
Project("{FAE04EC0-301F-11D3-BF4B-00C04F79EFBC}") = "CrtFinservProductSources", "Pkg\CrtFinservProductSources\Files\CrtFinservProductSources.csproj", "{FAB87D7B-136B-4216-9D1C-5AFCF6B0F222}"
EndProject
Project("{FAE04EC0-301F-11D3-BF4B-00C04F79EFBC}") = "CrtContract", "Pkg\CrtContract\Files\CrtContract.csproj", "{3E123496-A5A4-4238-A51D-AB325B6A6064}"
EndProject
Project("{FAE04EC0-301F-11D3-BF4B-00C04F79EFBC}") = "CrtProductCatalogue", "Pkg\CrtProductCatalogue\Files\CrtProductCatalogue.csproj", "{B2F6C657-1A6E-482D-B4C0-ADDF885F0E5D}"
EndProject
Project("{FAE04EC0-301F-11D3-BF4B-00C04F79EFBC}") = "CrtDocument", "Pkg\CrtDocument\Files\CrtDocument.csproj", "{C086A87F-613C-40EA-B00D-4BD99E355A0A}"
EndProject
Project("{FAE04EC0-301F-11D3-BF4B-00C04F79EFBC}") = "CrtBaseFinserv", "Pkg\CrtBaseFinserv\Files\CrtBaseFinserv.csproj", "{630A4C38-4810-4E8B-87A5-C0B86E2A1F72}"
EndProject
Project("{FAE04EC0-301F-11D3-BF4B-00C04F79EFBC}") = "CrtSLM", "Pkg\CrtSLM\Files\CrtSLM.csproj", "{2C21CBD9-DC84-45AD-9399-9CB0E9076A6A}"
EndProject
Project("{FAE04EC0-301F-11D3-BF4B-00C04F79EFBC}") = "CrtPortal", "Pkg\CrtPortal\Files\CrtPortal.csproj", "{A9C9C6C2-D530-48E7-A6B6-73DCFC316C65}"
EndProject
Project("{FAE04EC0-301F-11D3-BF4B-00C04F79EFBC}") = "CrtFinservProduct", "Pkg\CrtFinservProduct\Files\CrtFinservProduct.csproj", "{1C72774E-5524-48BC-9BAE-2A7B9DA1C1AC}"
EndProject
Project("{FAE04EC0-301F-11D3-BF4B-00C04F79EFBC}") = "CrtFinservContract", "Pkg\CrtFinservContract\Files\CrtFinservContract.csproj", "{C2573B4D-1DE9-4A2F-906C-9641C8E016AE}"
EndProject
Project("{FAE04EC0-301F-11D3-BF4B-00C04F79EFBC}") = "CrtSLM7x", "Pkg\CrtSLM7x\Files\CrtSLM7x.csproj", "{8ABE29D6-7B51-4890-B6CC-0A41C1269975}"
EndProject
Project("{FAE04EC0-301F-11D3-BF4B-00C04F79EFBC}") = "CrtOpportunity", "Pkg\CrtOpportunity\Files\CrtOpportunity.csproj", "{5EA18F75-853A-4A1A-9D04-99CDFEF21172}"
EndProject
Project("{FAE04EC0-301F-11D3-BF4B-00C04F79EFBC}") = "CrtFinservAccountAndCard", "Pkg\CrtFinservAccountAndCard\Files\CrtFinservAccountAndCard.csproj", "{F87D3505-F562-4013-9EE8-04B16804057D}"
EndProject
Project("{FAE04EC0-301F-11D3-BF4B-00C04F79EFBC}") = "CrtFinservApplicationSources", "Pkg\CrtFinservApplicationSources\Files\CrtFinservApplicationSources.csproj", "{364661E4-81D1-41BA-9D6E-2F98D2363EFC}"
EndProject
Project("{FAE04EC0-301F-11D3-BF4B-00C04F79EFBC}") = "CrtMarketingInC360", "Pkg\CrtMarketingInC360\Files\CrtMarketingInC360.csproj", "{6A30EAA8-23D6-4ACD-9E31-85AF2F2D90B0}"
EndProject
Project("{FAE04EC0-301F-11D3-BF4B-00C04F79EFBC}") = "CrtFinservApplication", "Pkg\CrtFinservApplication\Files\CrtFinservApplication.csproj", "{921FE4CF-9F1F-48A8-B607-E50F1403AA22}"
EndProject
Project("{FAE04EC0-301F-11D3-BF4B-00C04F79EFBC}") = "MLSimilarCaseSearch", "Pkg\MLSimilarCaseSearch\Files\MLSimilarCaseSearch.csproj", "{8ABACE6B-B141-4CB7-83BF-1172BFB980B8}"
EndProject
Project("{FAE04EC0-301F-11D3-BF4B-00C04F79EFBC}") = "CrtSLMITILService", "Pkg\CrtSLMITILService\Files\CrtSLMITILService.csproj", "{3D4ECD83-223E-46E7-B4EB-26BBFF3A86E6}"
EndProject
Project("{FAE04EC0-301F-11D3-BF4B-00C04F79EFBC}") = "CrtSimilarLead", "Pkg\CrtSimilarLead\Files\CrtSimilarLead.csproj", "{295D0A9B-BE19-4148-BD11-B63F06EE409A}"
EndProject
Project("{FAE04EC0-301F-11D3-BF4B-00C04F79EFBC}") = "CrtMLLeadConversion", "Pkg\CrtMLLeadConversion\Files\CrtMLLeadConversion.csproj", "{7714A888-55ED-4FC8-A78F-F8A53DDEEBA8}"
EndProject
Project("{FAE04EC0-301F-11D3-BF4B-00C04F79EFBC}") = "CrtTouchPointInC360", "Pkg\CrtTouchPointInC360\Files\CrtTouchPointInC360.csproj", "{DC41AC9B-C506-40F0-961F-772D856FAB15}"
EndProject
Project("{FAE04EC0-301F-11D3-BF4B-00C04F79EFBC}") = "CrtKnowledgeManagementObject", "Pkg\CrtKnowledgeManagementObject\Files\CrtKnowledgeManagementObject.csproj", "{D92129A4-A9AB-4A23-9E6C-F7E34343535F}"
EndProject
Project("{FAE04EC0-301F-11D3-BF4B-00C04F79EFBC}") = "CrtContractDocument", "Pkg\CrtContractDocument\Files\CrtContractDocument.csproj", "{59AAC841-355D-4655-B36E-A110B79710CA}"
EndProject
Project("{FAE04EC0-301F-11D3-BF4B-00C04F79EFBC}") = "CrtOpportunityManagement", "Pkg\CrtOpportunityManagement\Files\CrtOpportunityManagement.csproj", "{275A3034-3121-480B-8985-B2363A4230B3}"
EndProject
Project("{FAE04EC0-301F-11D3-BF4B-00C04F79EFBC}") = "CrtMLOpportunityScoring", "Pkg\CrtMLOpportunityScoring\Files\CrtMLOpportunityScoring.csproj", "{76215157-7DA4-4FD7-8D19-33FD8606F86A}"
EndProject
Project("{FAE04EC0-301F-11D3-BF4B-00C04F79EFBC}") = "CrtCaseManagement", "Pkg\CrtCaseManagement\Files\CrtCaseManagement.csproj", "{B2B8C79E-B832-41A5-B467-58158077B194}"
EndProject
Project("{FAE04EC0-301F-11D3-BF4B-00C04F79EFBC}") = "CrtGoogleAnalytics", "Pkg\CrtGoogleAnalytics\Files\CrtGoogleAnalytics.csproj", "{C0D6106C-F2EB-4D23-9983-DA22A877E9FB}"
EndProject
Project("{FAE04EC0-301F-11D3-BF4B-00C04F79EFBC}") = "CrtSLMITILService7x", "Pkg\CrtSLMITILService7x\Files\CrtSLMITILService7x.csproj", "{9E7E4D0C-7DF2-48A6-8C6D-D4C8D9680D05}"
EndProject
Project("{FAE04EC0-301F-11D3-BF4B-00C04F79EFBC}") = "CrtLeadOppMgmtApp", "Pkg\CrtLeadOppMgmtApp\Files\CrtLeadOppMgmtApp.csproj", "{1EDE6CCE-BE1C-402B-809A-0B8551B7D066}"
EndProject
Project("{FAE04EC0-301F-11D3-BF4B-00C04F79EFBC}") = "CrtPlaybook", "Pkg\CrtPlaybook\Files\CrtPlaybook.csproj", "{44060C7C-55B0-4523-80B2-2634FAA08E14}"
EndProject
Project("{FAE04EC0-301F-11D3-BF4B-00C04F79EFBC}") = "CrtDocumentInOpportunity", "Pkg\CrtDocumentInOpportunity\Files\CrtDocumentInOpportunity.csproj", "{AA01EA86-B84E-45FC-88C5-E6B5ECDF7947}"
EndProject
Project("{FAE04EC0-301F-11D3-BF4B-00C04F79EFBC}") = "CrtCaseService7x", "Pkg\CrtCaseService7x\Files\CrtCaseService7x.csproj", "{284A9A51-2593-4D20-B772-55597AA43C19}"
EndProject
Project("{FAE04EC0-301F-11D3-BF4B-00C04F79EFBC}") = "CrtFinservDocument", "Pkg\CrtFinservDocument\Files\CrtFinservDocument.csproj", "{577BC891-12D2-4D37-B39F-287216222D57}"
EndProject
Project("{FAE04EC0-301F-11D3-BF4B-00C04F79EFBC}") = "CrtMatomoConnector", "Pkg\CrtMatomoConnector\Files\CrtMatomoConnector.csproj", "{6D5EF377-36D8-4E23-9946-AE393B3F6B1A}"
EndProject
Project("{FAE04EC0-301F-11D3-BF4B-00C04F79EFBC}") = "CrtKnowledgeManagementApp", "Pkg\CrtKnowledgeManagementApp\Files\CrtKnowledgeManagementApp.csproj", "{4C16ABC6-B045-40A3-A84E-898C49AF7BD5}"
EndProject
Project("{FAE04EC0-301F-11D3-BF4B-00C04F79EFBC}") = "CrtEventMarketingApp", "Pkg\CrtEventMarketingApp\Files\CrtEventMarketingApp.csproj", "{89853637-F51C-4A7F-AD36-7AC2673F1992}"
EndProject
Project("{FAE04EC0-301F-11D3-BF4B-00C04F79EFBC}") = "CrtDigitalAdsApp", "Pkg\CrtDigitalAdsApp\Files\CrtDigitalAdsApp.csproj", "{50C41710-CD0E-4CD2-B872-BB54D44215FD}"
EndProject
Project("{FAE04EC0-301F-11D3-BF4B-00C04F79EFBC}") = "CrtFinservLead", "Pkg\CrtFinservLead\Files\CrtFinservLead.csproj", "{B05DACDB-6C36-4E20-A55E-0C06FC1C235A}"
EndProject
Project("{FAE04EC0-301F-11D3-BF4B-00C04F79EFBC}") = "CrtFinservOpportunity", "Pkg\CrtFinservOpportunity\Files\CrtFinservOpportunity.csproj", "{41542CF2-53AF-4C8F-BC17-ECC4D07B3EE8}"
EndProject
Project("{FAE04EC0-301F-11D3-BF4B-00C04F79EFBC}") = "CrtEngagementToolsApp", "Pkg\CrtEngagementToolsApp\Files\CrtEngagementToolsApp.csproj", "{B63E8AE5-D51D-47A3-8938-8390E96479F5}"
EndProject
Project("{FAE04EC0-301F-11D3-BF4B-00C04F79EFBC}") = "CrtBulkEmailInC360", "Pkg\CrtBulkEmailInC360\Files\CrtBulkEmailInC360.csproj", "{FDA095D7-A7B3-4663-99C9-986D18730BBD}"
EndProject
Project("{FAE04EC0-301F-11D3-BF4B-00C04F79EFBC}") = "CrtCaseManagementApp", "Pkg\CrtCaseManagementApp\Files\CrtCaseManagementApp.csproj", "{2BAF2090-7D7C-4AA0-AFB8-D250388CB775}"
EndProject
Project("{FAE04EC0-301F-11D3-BF4B-00C04F79EFBC}") = "CrtMarketingCampaignsApp", "Pkg\CrtMarketingCampaignsApp\Files\CrtMarketingCampaignsApp.csproj", "{0E90E1D3-9828-4625-A12F-DB08B7CCFA74}"
EndProject
Project("{FAE04EC0-301F-11D3-BF4B-00C04F79EFBC}") = "CrtCasesInC360", "Pkg\CrtCasesInC360\Files\CrtCasesInC360.csproj", "{EEAB667E-92D7-4990-B242-BE9B288BA112}"
EndProject
Project("{FAE04EC0-301F-11D3-BF4B-00C04F79EFBC}") = "CrtEngagementInC360", "Pkg\CrtEngagementInC360\Files\CrtEngagementInC360.csproj", "{EBE22C54-E715-43B7-88D4-52F5BCCC0075}"
EndProject
Project("{FAE04EC0-301F-11D3-BF4B-00C04F79EFBC}") = "CrtFinservSalesAndServiceApp", "Pkg\CrtFinservSalesAndServiceApp\Files\CrtFinservSalesAndServiceApp.csproj", "{6DBF0198-C937-4229-B571-BD49FC034641}"
EndProject
Project("{FAE04EC0-301F-11D3-BF4B-00C04F79EFBC}") = "CrtSalesInC360", "Pkg\CrtSalesInC360\Files\CrtSalesInC360.csproj", "{97AF7088-3FF8-4561-9673-C7A50D412222}"
EndProject
Project("{FAE04EC0-301F-11D3-BF4B-00C04F79EFBC}") = "CrtSLAInC360", "Pkg\CrtSLAInC360\Files\CrtSLAInC360.csproj", "{191EBABB-5F18-4A12-A175-6EF21E657C35}"
EndProject
Project("{FAE04EC0-301F-11D3-BF4B-00C04F79EFBC}") = "CrtKnowledgeManagementInCaseManagement", "Pkg\CrtKnowledgeManagementInCaseManagement\Files\CrtKnowledgeManagementInCaseManagement.csproj", "{DC8415DF-357E-4FA7-8D9F-8E7C4B9F5473}"
EndProject
Project("{FAE04EC0-301F-11D3-BF4B-00C04F79EFBC}") = "CFX.RecentlyViewed", "Pkg\CFX.RecentlyViewed\Files\CFX.RecentlyViewed.csproj", "{4A4C9F75-4120-4425-B4EE-DE9DF0232B47}"
EndProject
Project("{FAE04EC0-301F-11D3-BF4B-00C04F79EFBC}") = "CrtCaseKnowledgeCopilot", "Pkg\CrtCaseKnowledgeCopilot\Files\CrtCaseKnowledgeCopilot.csproj", "{52E258FD-290D-469F-8CA7-FD1BE8B1B862}"
EndProject
Project("{FAE04EC0-301F-11D3-BF4B-00C04F79EFBC}") = "CrtCampaignInC360", "Pkg\CrtCampaignInC360\Files\CrtCampaignInC360.csproj", "{AEF34FF4-C828-4ABF-B04F-B2E899B7A717}"
EndProject
Project("{FAE04EC0-301F-11D3-BF4B-00C04F79EFBC}") = "CrtDigitalAdsInLeadGen", "Pkg\CrtDigitalAdsInLeadGen\Files\CrtDigitalAdsInLeadGen.csproj", "{8F7CA876-DAB3-4898-8AA6-E19778519FBE}"
EndProject
Project("{FAE04EC0-301F-11D3-BF4B-00C04F79EFBC}") = "CrtLeadOppMgmtInC360", "Pkg\CrtLeadOppMgmtInC360\Files\CrtLeadOppMgmtInC360.csproj", "{3A18B76C-41FE-46F9-846E-4DC6888BA807}"
EndProject
Project("{FAE04EC0-301F-11D3-BF4B-00C04F79EFBC}") = "CrtContactToLeadInC360", "Pkg\CrtContactToLeadInC360\Files\CrtContactToLeadInC360.csproj", "{E5F3821B-7181-43DD-A8B9-1846B82B2FD8}"
EndProject
Project("{FAE04EC0-301F-11D3-BF4B-00C04F79EFBC}") = "CrtEventInC360", "Pkg\CrtEventInC360\Files\CrtEventInC360.csproj", "{EB3A8137-4BC9-4E67-9C02-8B4DA7FF8883}"
EndProject
Project("{FAE04EC0-301F-11D3-BF4B-00C04F79EFBC}") = "CrtOpportunityInC360", "Pkg\CrtOpportunityInC360\Files\CrtOpportunityInC360.csproj", "{41DFBEE6-C28E-4152-A5D6-AC465496534C}"
EndProject
Project("{FAE04EC0-301F-11D3-BF4B-00C04F79EFBC}") = "CrtC360InUiV2", "Pkg\CrtC360InUiV2\Files\CrtC360InUiV2.csproj", "{0C117E13-F2FD-4010-9C64-29C355614B26}"
EndProject
Project("{FAE04EC0-301F-11D3-BF4B-00C04F79EFBC}") = "CrtCustomerInfoInCaseMgmt", "Pkg\CrtCustomerInfoInCaseMgmt\Files\CrtCustomerInfoInCaseMgmt.csproj", "{887E3A88-3413-41CF-806C-E681DD98A158}"
EndProject
Project("{FAE04EC0-301F-11D3-BF4B-00C04F79EFBC}") = "CrtTouchPointInLead", "Pkg\CrtTouchPointInLead\Files\CrtTouchPointInLead.csproj", "{F35E7E23-801C-45E3-B0C3-D2119612400D}"
EndProject
Project("{FAE04EC0-301F-11D3-BF4B-00C04F79EFBC}") = "Terrasoft.Configuration.Dev", "Terrasoft.Configuration.Dev.csproj", "{2F66AD61-6A0C-404B-B913-FF64422576D1}"
EndProject
Project("{FAE04EC0-301F-11D3-BF4B-00C04F79EFBC}") = "_SalesUp_Common", "Pkg\_SalesUp_Common\Files\_SalesUp_Common.csproj", "{B1DD81E0-173C-4FEC-97D4-F66322395D85}"
EndProject
Project("{FAE04EC0-301F-11D3-BF4B-00C04F79EFBC}") = "_SalesUp_CopyingCore", "Pkg\_SalesUp_CopyingCore\Files\_SalesUp_CopyingCore.csproj", "{96B199DC-ADCD-4745-923E-219C1E3D8409}"
EndProject
Project("{FAE04EC0-301F-11D3-BF4B-00C04F79EFBC}") = "_SalesUp_Macros_AppInfo", "Pkg\_SalesUp_Macros_AppInfo\Files\_SalesUp_Macros_AppInfo.csproj", "{244E9EA3-50E0-400F-B066-9BBB673A4A4F}"
EndProject
Project("{FAE04EC0-301F-11D3-BF4B-00C04F79EFBC}") = "_SalesUp_Macros", "Pkg\_SalesUp_Macros\Files\_SalesUp_Macros.csproj", "{54091CB1-6B6B-473A-9695-46275A2EBEB0}"
EndProject
Project("{FAE04EC0-301F-11D3-BF4B-00C04F79EFBC}") = "Testing", "Pkg\Testing\Files\Testing.csproj", "{2934F163-A9C6-4A75-A07B-D08868EB496F}"
EndProject
Project("{FAE04EC0-301F-11D3-BF4B-00C04F79EFBC}") = "Abs.BASE", "Pkg\Abs.BASE\Files\Abs.BASE.csproj", "{170233C0-34F4-4493-899A-7E8EAD8D8B55}"
EndProject
Global
	GlobalSection(SolutionConfigurationPlatforms) = preSolution
		Debug|Any CPU = Debug|Any CPU
		Release|Any CPU = Release|Any CPU
	EndGlobalSection
	GlobalSection(SolutionProperties) = preSolution
		HideSolutionNode = FALSE
	EndGlobalSection
	GlobalSection(ProjectConfigurationPlatforms) = postSolution
		{7C6DB8D5-8E84-4D14-86D4-D2C82A31353E}.Debug|Any CPU.ActiveCfg = Debug|Any CPU
		{7C6DB8D5-8E84-4D14-86D4-D2C82A31353E}.Debug|Any CPU.Build.0 = Debug|Any CPU
		{7C6DB8D5-8E84-4D14-86D4-D2C82A31353E}.Release|Any CPU.ActiveCfg = Release|Any CPU
		{7C6DB8D5-8E84-4D14-86D4-D2C82A31353E}.Release|Any CPU.Build.0 = Release|Any CPU
		{A7E77F25-F183-4DEF-AAD0-35FA7826A943}.Debug|Any CPU.ActiveCfg = Debug|Any CPU
		{A7E77F25-F183-4DEF-AAD0-35FA7826A943}.Debug|Any CPU.Build.0 = Debug|Any CPU
		{A7E77F25-F183-4DEF-AAD0-35FA7826A943}.Release|Any CPU.ActiveCfg = Release|Any CPU
		{A7E77F25-F183-4DEF-AAD0-35FA7826A943}.Release|Any CPU.Build.0 = Release|Any CPU
		{CE4DEDF6-E704-4C0A-A409-7DBF3C9C4CE2}.Debug|Any CPU.ActiveCfg = Debug|Any CPU
		{CE4DEDF6-E704-4C0A-A409-7DBF3C9C4CE2}.Debug|Any CPU.Build.0 = Debug|Any CPU
		{CE4DEDF6-E704-4C0A-A409-7DBF3C9C4CE2}.Release|Any CPU.ActiveCfg = Release|Any CPU
		{CE4DEDF6-E704-4C0A-A409-7DBF3C9C4CE2}.Release|Any CPU.Build.0 = Release|Any CPU
		{9C21191A-8834-4B4C-8340-B7394CF98CD4}.Debug|Any CPU.ActiveCfg = Debug|Any CPU
		{9C21191A-8834-4B4C-8340-B7394CF98CD4}.Debug|Any CPU.Build.0 = Debug|Any CPU
		{9C21191A-8834-4B4C-8340-B7394CF98CD4}.Release|Any CPU.ActiveCfg = Release|Any CPU
		{9C21191A-8834-4B4C-8340-B7394CF98CD4}.Release|Any CPU.Build.0 = Release|Any CPU
		{7A783B3C-58DE-426B-86ED-4D000FD4A5B2}.Debug|Any CPU.ActiveCfg = Debug|Any CPU
		{7A783B3C-58DE-426B-86ED-4D000FD4A5B2}.Debug|Any CPU.Build.0 = Debug|Any CPU
		{7A783B3C-58DE-426B-86ED-4D000FD4A5B2}.Release|Any CPU.ActiveCfg = Release|Any CPU
		{7A783B3C-58DE-426B-86ED-4D000FD4A5B2}.Release|Any CPU.Build.0 = Release|Any CPU
		{972DD471-6E69-4771-B7BD-92EB66B23C48}.Debug|Any CPU.ActiveCfg = Debug|Any CPU
		{972DD471-6E69-4771-B7BD-92EB66B23C48}.Debug|Any CPU.Build.0 = Debug|Any CPU
		{972DD471-6E69-4771-B7BD-92EB66B23C48}.Release|Any CPU.ActiveCfg = Release|Any CPU
		{972DD471-6E69-4771-B7BD-92EB66B23C48}.Release|Any CPU.Build.0 = Release|Any CPU
		{4A3B9D6F-76AB-4FFC-B55E-8284A3EA7D89}.Debug|Any CPU.ActiveCfg = Debug|Any CPU
		{4A3B9D6F-76AB-4FFC-B55E-8284A3EA7D89}.Debug|Any CPU.Build.0 = Debug|Any CPU
		{4A3B9D6F-76AB-4FFC-B55E-8284A3EA7D89}.Release|Any CPU.ActiveCfg = Release|Any CPU
		{4A3B9D6F-76AB-4FFC-B55E-8284A3EA7D89}.Release|Any CPU.Build.0 = Release|Any CPU
		{A14D4841-54A9-4921-A2AA-32A055E11FFE}.Debug|Any CPU.ActiveCfg = Debug|Any CPU
		{A14D4841-54A9-4921-A2AA-32A055E11FFE}.Debug|Any CPU.Build.0 = Debug|Any CPU
		{A14D4841-54A9-4921-A2AA-32A055E11FFE}.Release|Any CPU.ActiveCfg = Release|Any CPU
		{A14D4841-54A9-4921-A2AA-32A055E11FFE}.Release|Any CPU.Build.0 = Release|Any CPU
		{63BD56B8-0C47-4BD2-A202-BA0B513D7E28}.Debug|Any CPU.ActiveCfg = Debug|Any CPU
		{63BD56B8-0C47-4BD2-A202-BA0B513D7E28}.Debug|Any CPU.Build.0 = Debug|Any CPU
		{63BD56B8-0C47-4BD2-A202-BA0B513D7E28}.Release|Any CPU.ActiveCfg = Release|Any CPU
		{63BD56B8-0C47-4BD2-A202-BA0B513D7E28}.Release|Any CPU.Build.0 = Release|Any CPU
		{ED03B61E-DA9E-46FA-A869-1DF18BAEB84A}.Debug|Any CPU.ActiveCfg = Debug|Any CPU
		{ED03B61E-DA9E-46FA-A869-1DF18BAEB84A}.Debug|Any CPU.Build.0 = Debug|Any CPU
		{ED03B61E-DA9E-46FA-A869-1DF18BAEB84A}.Release|Any CPU.ActiveCfg = Release|Any CPU
		{ED03B61E-DA9E-46FA-A869-1DF18BAEB84A}.Release|Any CPU.Build.0 = Release|Any CPU
		{35987E7D-FBB5-4650-BBE6-7A727D683087}.Debug|Any CPU.ActiveCfg = Debug|Any CPU
		{35987E7D-FBB5-4650-BBE6-7A727D683087}.Debug|Any CPU.Build.0 = Debug|Any CPU
		{35987E7D-FBB5-4650-BBE6-7A727D683087}.Release|Any CPU.ActiveCfg = Release|Any CPU
		{35987E7D-FBB5-4650-BBE6-7A727D683087}.Release|Any CPU.Build.0 = Release|Any CPU
		{86314408-E892-4E70-928F-C5AA70BC346C}.Debug|Any CPU.ActiveCfg = Debug|Any CPU
		{86314408-E892-4E70-928F-C5AA70BC346C}.Debug|Any CPU.Build.0 = Debug|Any CPU
		{86314408-E892-4E70-928F-C5AA70BC346C}.Release|Any CPU.ActiveCfg = Release|Any CPU
		{86314408-E892-4E70-928F-C5AA70BC346C}.Release|Any CPU.Build.0 = Release|Any CPU
		{6BF8853C-B1CF-4A55-8226-893C9C462D87}.Debug|Any CPU.ActiveCfg = Debug|Any CPU
		{6BF8853C-B1CF-4A55-8226-893C9C462D87}.Debug|Any CPU.Build.0 = Debug|Any CPU
		{6BF8853C-B1CF-4A55-8226-893C9C462D87}.Release|Any CPU.ActiveCfg = Release|Any CPU
		{6BF8853C-B1CF-4A55-8226-893C9C462D87}.Release|Any CPU.Build.0 = Release|Any CPU
		{93992AC6-9A36-4051-A6C6-3A51A8EC5532}.Debug|Any CPU.ActiveCfg = Debug|Any CPU
		{93992AC6-9A36-4051-A6C6-3A51A8EC5532}.Debug|Any CPU.Build.0 = Debug|Any CPU
		{93992AC6-9A36-4051-A6C6-3A51A8EC5532}.Release|Any CPU.ActiveCfg = Release|Any CPU
		{93992AC6-9A36-4051-A6C6-3A51A8EC5532}.Release|Any CPU.Build.0 = Release|Any CPU
		{82FBFC12-4EAA-4012-8492-CD7D0A9733FF}.Debug|Any CPU.ActiveCfg = Debug|Any CPU
		{82FBFC12-4EAA-4012-8492-CD7D0A9733FF}.Debug|Any CPU.Build.0 = Debug|Any CPU
		{82FBFC12-4EAA-4012-8492-CD7D0A9733FF}.Release|Any CPU.ActiveCfg = Release|Any CPU
		{82FBFC12-4EAA-4012-8492-CD7D0A9733FF}.Release|Any CPU.Build.0 = Release|Any CPU
		{7A67F764-456D-42FA-BDC0-1516552A0CDF}.Debug|Any CPU.ActiveCfg = Debug|Any CPU
		{7A67F764-456D-42FA-BDC0-1516552A0CDF}.Debug|Any CPU.Build.0 = Debug|Any CPU
		{7A67F764-456D-42FA-BDC0-1516552A0CDF}.Release|Any CPU.ActiveCfg = Release|Any CPU
		{7A67F764-456D-42FA-BDC0-1516552A0CDF}.Release|Any CPU.Build.0 = Release|Any CPU
		{32B87FDF-626A-439E-B305-FB2877DEBBAF}.Debug|Any CPU.ActiveCfg = Debug|Any CPU
		{32B87FDF-626A-439E-B305-FB2877DEBBAF}.Debug|Any CPU.Build.0 = Debug|Any CPU
		{32B87FDF-626A-439E-B305-FB2877DEBBAF}.Release|Any CPU.ActiveCfg = Release|Any CPU
		{32B87FDF-626A-439E-B305-FB2877DEBBAF}.Release|Any CPU.Build.0 = Release|Any CPU
		{7255A261-6AF9-4C81-9987-3CC10BBBCC32}.Debug|Any CPU.ActiveCfg = Debug|Any CPU
		{7255A261-6AF9-4C81-9987-3CC10BBBCC32}.Debug|Any CPU.Build.0 = Debug|Any CPU
		{7255A261-6AF9-4C81-9987-3CC10BBBCC32}.Release|Any CPU.ActiveCfg = Release|Any CPU
		{7255A261-6AF9-4C81-9987-3CC10BBBCC32}.Release|Any CPU.Build.0 = Release|Any CPU
		{B485ADC3-8804-4B9E-AEDC-3B36F5795943}.Debug|Any CPU.ActiveCfg = Debug|Any CPU
		{B485ADC3-8804-4B9E-AEDC-3B36F5795943}.Debug|Any CPU.Build.0 = Debug|Any CPU
		{B485ADC3-8804-4B9E-AEDC-3B36F5795943}.Release|Any CPU.ActiveCfg = Release|Any CPU
		{B485ADC3-8804-4B9E-AEDC-3B36F5795943}.Release|Any CPU.Build.0 = Release|Any CPU
		{026B3151-399C-4CB7-8D19-C9F33265CAEA}.Debug|Any CPU.ActiveCfg = Debug|Any CPU
		{026B3151-399C-4CB7-8D19-C9F33265CAEA}.Debug|Any CPU.Build.0 = Debug|Any CPU
		{026B3151-399C-4CB7-8D19-C9F33265CAEA}.Release|Any CPU.ActiveCfg = Release|Any CPU
		{026B3151-399C-4CB7-8D19-C9F33265CAEA}.Release|Any CPU.Build.0 = Release|Any CPU
		{90D6ECEB-7642-45D3-84F5-D0469853BFE2}.Debug|Any CPU.ActiveCfg = Debug|Any CPU
		{90D6ECEB-7642-45D3-84F5-D0469853BFE2}.Debug|Any CPU.Build.0 = Debug|Any CPU
		{90D6ECEB-7642-45D3-84F5-D0469853BFE2}.Release|Any CPU.ActiveCfg = Release|Any CPU
		{90D6ECEB-7642-45D3-84F5-D0469853BFE2}.Release|Any CPU.Build.0 = Release|Any CPU
		{FD5B404B-C915-4CF5-9DC3-7B34ACC0CBB1}.Debug|Any CPU.ActiveCfg = Debug|Any CPU
		{FD5B404B-C915-4CF5-9DC3-7B34ACC0CBB1}.Debug|Any CPU.Build.0 = Debug|Any CPU
		{FD5B404B-C915-4CF5-9DC3-7B34ACC0CBB1}.Release|Any CPU.ActiveCfg = Release|Any CPU
		{FD5B404B-C915-4CF5-9DC3-7B34ACC0CBB1}.Release|Any CPU.Build.0 = Release|Any CPU
		{6BBDA990-A89F-4B07-B866-14BE384DD7A7}.Debug|Any CPU.ActiveCfg = Debug|Any CPU
		{6BBDA990-A89F-4B07-B866-14BE384DD7A7}.Debug|Any CPU.Build.0 = Debug|Any CPU
		{6BBDA990-A89F-4B07-B866-14BE384DD7A7}.Release|Any CPU.ActiveCfg = Release|Any CPU
		{6BBDA990-A89F-4B07-B866-14BE384DD7A7}.Release|Any CPU.Build.0 = Release|Any CPU
		{8B63B9BD-DABE-4632-884B-7A83607C8C80}.Debug|Any CPU.ActiveCfg = Debug|Any CPU
		{8B63B9BD-DABE-4632-884B-7A83607C8C80}.Debug|Any CPU.Build.0 = Debug|Any CPU
		{8B63B9BD-DABE-4632-884B-7A83607C8C80}.Release|Any CPU.ActiveCfg = Release|Any CPU
		{8B63B9BD-DABE-4632-884B-7A83607C8C80}.Release|Any CPU.Build.0 = Release|Any CPU
		{4A9B05F8-CF8E-44A4-8BDB-07D8E5CB942D}.Debug|Any CPU.ActiveCfg = Debug|Any CPU
		{4A9B05F8-CF8E-44A4-8BDB-07D8E5CB942D}.Debug|Any CPU.Build.0 = Debug|Any CPU
		{4A9B05F8-CF8E-44A4-8BDB-07D8E5CB942D}.Release|Any CPU.ActiveCfg = Release|Any CPU
		{4A9B05F8-CF8E-44A4-8BDB-07D8E5CB942D}.Release|Any CPU.Build.0 = Release|Any CPU
		{2A35AEAA-6AA7-46FA-A6D4-47F9A8EEAC26}.Debug|Any CPU.ActiveCfg = Debug|Any CPU
		{2A35AEAA-6AA7-46FA-A6D4-47F9A8EEAC26}.Debug|Any CPU.Build.0 = Debug|Any CPU
		{2A35AEAA-6AA7-46FA-A6D4-47F9A8EEAC26}.Release|Any CPU.ActiveCfg = Release|Any CPU
		{2A35AEAA-6AA7-46FA-A6D4-47F9A8EEAC26}.Release|Any CPU.Build.0 = Release|Any CPU
		{C1867079-A2A4-466D-A908-C1FA0FCD6D82}.Debug|Any CPU.ActiveCfg = Debug|Any CPU
		{C1867079-A2A4-466D-A908-C1FA0FCD6D82}.Debug|Any CPU.Build.0 = Debug|Any CPU
		{C1867079-A2A4-466D-A908-C1FA0FCD6D82}.Release|Any CPU.ActiveCfg = Release|Any CPU
		{C1867079-A2A4-466D-A908-C1FA0FCD6D82}.Release|Any CPU.Build.0 = Release|Any CPU
		{F11962E2-1EF2-49A3-9D79-08877A9F475B}.Debug|Any CPU.ActiveCfg = Debug|Any CPU
		{F11962E2-1EF2-49A3-9D79-08877A9F475B}.Debug|Any CPU.Build.0 = Debug|Any CPU
		{F11962E2-1EF2-49A3-9D79-08877A9F475B}.Release|Any CPU.ActiveCfg = Release|Any CPU
		{F11962E2-1EF2-49A3-9D79-08877A9F475B}.Release|Any CPU.Build.0 = Release|Any CPU
		{AA5B5713-FB6C-4F25-BF8E-9D6F77527CEA}.Debug|Any CPU.ActiveCfg = Debug|Any CPU
		{AA5B5713-FB6C-4F25-BF8E-9D6F77527CEA}.Debug|Any CPU.Build.0 = Debug|Any CPU
		{AA5B5713-FB6C-4F25-BF8E-9D6F77527CEA}.Release|Any CPU.ActiveCfg = Release|Any CPU
		{AA5B5713-FB6C-4F25-BF8E-9D6F77527CEA}.Release|Any CPU.Build.0 = Release|Any CPU
		{78C38130-BB15-4956-859B-EF7E80E91E40}.Debug|Any CPU.ActiveCfg = Debug|Any CPU
		{78C38130-BB15-4956-859B-EF7E80E91E40}.Debug|Any CPU.Build.0 = Debug|Any CPU
		{78C38130-BB15-4956-859B-EF7E80E91E40}.Release|Any CPU.ActiveCfg = Release|Any CPU
		{78C38130-BB15-4956-859B-EF7E80E91E40}.Release|Any CPU.Build.0 = Release|Any CPU
		{FB1EDBA2-30F4-464D-ACD6-9EE6F52F3AEE}.Debug|Any CPU.ActiveCfg = Debug|Any CPU
		{FB1EDBA2-30F4-464D-ACD6-9EE6F52F3AEE}.Debug|Any CPU.Build.0 = Debug|Any CPU
		{FB1EDBA2-30F4-464D-ACD6-9EE6F52F3AEE}.Release|Any CPU.ActiveCfg = Release|Any CPU
		{FB1EDBA2-30F4-464D-ACD6-9EE6F52F3AEE}.Release|Any CPU.Build.0 = Release|Any CPU
		{3FF62945-CEBC-47A5-9878-D2FA44434B56}.Debug|Any CPU.ActiveCfg = Debug|Any CPU
		{3FF62945-CEBC-47A5-9878-D2FA44434B56}.Debug|Any CPU.Build.0 = Debug|Any CPU
		{3FF62945-CEBC-47A5-9878-D2FA44434B56}.Release|Any CPU.ActiveCfg = Release|Any CPU
		{3FF62945-CEBC-47A5-9878-D2FA44434B56}.Release|Any CPU.Build.0 = Release|Any CPU
		{634956FC-633F-4AFD-8EB2-EAC2B8E7DEFB}.Debug|Any CPU.ActiveCfg = Debug|Any CPU
		{634956FC-633F-4AFD-8EB2-EAC2B8E7DEFB}.Debug|Any CPU.Build.0 = Debug|Any CPU
		{634956FC-633F-4AFD-8EB2-EAC2B8E7DEFB}.Release|Any CPU.ActiveCfg = Release|Any CPU
		{634956FC-633F-4AFD-8EB2-EAC2B8E7DEFB}.Release|Any CPU.Build.0 = Release|Any CPU
		{855CB176-EB49-4E54-A1A2-E18574CAB56A}.Debug|Any CPU.ActiveCfg = Debug|Any CPU
		{855CB176-EB49-4E54-A1A2-E18574CAB56A}.Debug|Any CPU.Build.0 = Debug|Any CPU
		{855CB176-EB49-4E54-A1A2-E18574CAB56A}.Release|Any CPU.ActiveCfg = Release|Any CPU
		{855CB176-EB49-4E54-A1A2-E18574CAB56A}.Release|Any CPU.Build.0 = Release|Any CPU
		{58151C3C-BF22-4485-B1F3-1A5ED591425C}.Debug|Any CPU.ActiveCfg = Debug|Any CPU
		{58151C3C-BF22-4485-B1F3-1A5ED591425C}.Debug|Any CPU.Build.0 = Debug|Any CPU
		{58151C3C-BF22-4485-B1F3-1A5ED591425C}.Release|Any CPU.ActiveCfg = Release|Any CPU
		{58151C3C-BF22-4485-B1F3-1A5ED591425C}.Release|Any CPU.Build.0 = Release|Any CPU
		{D7602585-AD22-4EB0-B8DD-B2552B4FE808}.Debug|Any CPU.ActiveCfg = Debug|Any CPU
		{D7602585-AD22-4EB0-B8DD-B2552B4FE808}.Debug|Any CPU.Build.0 = Debug|Any CPU
		{D7602585-AD22-4EB0-B8DD-B2552B4FE808}.Release|Any CPU.ActiveCfg = Release|Any CPU
		{D7602585-AD22-4EB0-B8DD-B2552B4FE808}.Release|Any CPU.Build.0 = Release|Any CPU
		{40CB00DD-3EF2-470B-BD3C-FA219627C5D1}.Debug|Any CPU.ActiveCfg = Debug|Any CPU
		{40CB00DD-3EF2-470B-BD3C-FA219627C5D1}.Debug|Any CPU.Build.0 = Debug|Any CPU
		{40CB00DD-3EF2-470B-BD3C-FA219627C5D1}.Release|Any CPU.ActiveCfg = Release|Any CPU
		{40CB00DD-3EF2-470B-BD3C-FA219627C5D1}.Release|Any CPU.Build.0 = Release|Any CPU
		{A420F25B-DCFF-4D29-B35F-1AF44095750A}.Debug|Any CPU.ActiveCfg = Debug|Any CPU
		{A420F25B-DCFF-4D29-B35F-1AF44095750A}.Debug|Any CPU.Build.0 = Debug|Any CPU
		{A420F25B-DCFF-4D29-B35F-1AF44095750A}.Release|Any CPU.ActiveCfg = Release|Any CPU
		{A420F25B-DCFF-4D29-B35F-1AF44095750A}.Release|Any CPU.Build.0 = Release|Any CPU
		{7E7F47B4-ACD6-41D3-831E-F072C8B344E6}.Debug|Any CPU.ActiveCfg = Debug|Any CPU
		{7E7F47B4-ACD6-41D3-831E-F072C8B344E6}.Debug|Any CPU.Build.0 = Debug|Any CPU
		{7E7F47B4-ACD6-41D3-831E-F072C8B344E6}.Release|Any CPU.ActiveCfg = Release|Any CPU
		{7E7F47B4-ACD6-41D3-831E-F072C8B344E6}.Release|Any CPU.Build.0 = Release|Any CPU
		{AA103879-9341-4F20-AD72-ED608A199A04}.Debug|Any CPU.ActiveCfg = Debug|Any CPU
		{AA103879-9341-4F20-AD72-ED608A199A04}.Debug|Any CPU.Build.0 = Debug|Any CPU
		{AA103879-9341-4F20-AD72-ED608A199A04}.Release|Any CPU.ActiveCfg = Release|Any CPU
		{AA103879-9341-4F20-AD72-ED608A199A04}.Release|Any CPU.Build.0 = Release|Any CPU
		{E74BDF16-22DA-4953-A968-49FE3C007932}.Debug|Any CPU.ActiveCfg = Debug|Any CPU
		{E74BDF16-22DA-4953-A968-49FE3C007932}.Debug|Any CPU.Build.0 = Debug|Any CPU
		{E74BDF16-22DA-4953-A968-49FE3C007932}.Release|Any CPU.ActiveCfg = Release|Any CPU
		{E74BDF16-22DA-4953-A968-49FE3C007932}.Release|Any CPU.Build.0 = Release|Any CPU
		{79CD1C38-D4D5-4A6D-B375-56ACB02F41CA}.Debug|Any CPU.ActiveCfg = Debug|Any CPU
		{79CD1C38-D4D5-4A6D-B375-56ACB02F41CA}.Debug|Any CPU.Build.0 = Debug|Any CPU
		{79CD1C38-D4D5-4A6D-B375-56ACB02F41CA}.Release|Any CPU.ActiveCfg = Release|Any CPU
		{79CD1C38-D4D5-4A6D-B375-56ACB02F41CA}.Release|Any CPU.Build.0 = Release|Any CPU
		{5369CFD1-7683-4BB4-BCDF-450C62DC8E25}.Debug|Any CPU.ActiveCfg = Debug|Any CPU
		{5369CFD1-7683-4BB4-BCDF-450C62DC8E25}.Debug|Any CPU.Build.0 = Debug|Any CPU
		{5369CFD1-7683-4BB4-BCDF-450C62DC8E25}.Release|Any CPU.ActiveCfg = Release|Any CPU
		{5369CFD1-7683-4BB4-BCDF-450C62DC8E25}.Release|Any CPU.Build.0 = Release|Any CPU
		{9ADD36FB-7185-4934-8EE7-FD0419C29BCA}.Debug|Any CPU.ActiveCfg = Debug|Any CPU
		{9ADD36FB-7185-4934-8EE7-FD0419C29BCA}.Debug|Any CPU.Build.0 = Debug|Any CPU
		{9ADD36FB-7185-4934-8EE7-FD0419C29BCA}.Release|Any CPU.ActiveCfg = Release|Any CPU
		{9ADD36FB-7185-4934-8EE7-FD0419C29BCA}.Release|Any CPU.Build.0 = Release|Any CPU
		{BA38D321-4EF5-443A-A215-3B556290B1CB}.Debug|Any CPU.ActiveCfg = Debug|Any CPU
		{BA38D321-4EF5-443A-A215-3B556290B1CB}.Debug|Any CPU.Build.0 = Debug|Any CPU
		{BA38D321-4EF5-443A-A215-3B556290B1CB}.Release|Any CPU.ActiveCfg = Release|Any CPU
		{BA38D321-4EF5-443A-A215-3B556290B1CB}.Release|Any CPU.Build.0 = Release|Any CPU
		{4BB5E60F-BD63-4761-8DDB-B6256A6DBED9}.Debug|Any CPU.ActiveCfg = Debug|Any CPU
		{4BB5E60F-BD63-4761-8DDB-B6256A6DBED9}.Debug|Any CPU.Build.0 = Debug|Any CPU
		{4BB5E60F-BD63-4761-8DDB-B6256A6DBED9}.Release|Any CPU.ActiveCfg = Release|Any CPU
		{4BB5E60F-BD63-4761-8DDB-B6256A6DBED9}.Release|Any CPU.Build.0 = Release|Any CPU
		{1D348DB9-F6E6-4341-849F-7B65AE45B935}.Debug|Any CPU.ActiveCfg = Debug|Any CPU
		{1D348DB9-F6E6-4341-849F-7B65AE45B935}.Debug|Any CPU.Build.0 = Debug|Any CPU
		{1D348DB9-F6E6-4341-849F-7B65AE45B935}.Release|Any CPU.ActiveCfg = Release|Any CPU
		{1D348DB9-F6E6-4341-849F-7B65AE45B935}.Release|Any CPU.Build.0 = Release|Any CPU
		{37F91E3E-E02B-423F-8560-6C7DB38FB567}.Debug|Any CPU.ActiveCfg = Debug|Any CPU
		{37F91E3E-E02B-423F-8560-6C7DB38FB567}.Debug|Any CPU.Build.0 = Debug|Any CPU
		{37F91E3E-E02B-423F-8560-6C7DB38FB567}.Release|Any CPU.ActiveCfg = Release|Any CPU
		{37F91E3E-E02B-423F-8560-6C7DB38FB567}.Release|Any CPU.Build.0 = Release|Any CPU
		{B776A50B-36DE-46FE-AC29-540B10A52AAD}.Debug|Any CPU.ActiveCfg = Debug|Any CPU
		{B776A50B-36DE-46FE-AC29-540B10A52AAD}.Debug|Any CPU.Build.0 = Debug|Any CPU
		{B776A50B-36DE-46FE-AC29-540B10A52AAD}.Release|Any CPU.ActiveCfg = Release|Any CPU
		{B776A50B-36DE-46FE-AC29-540B10A52AAD}.Release|Any CPU.Build.0 = Release|Any CPU
		{EF18B609-4909-4E41-BF71-4BA1D8F75C02}.Debug|Any CPU.ActiveCfg = Debug|Any CPU
		{EF18B609-4909-4E41-BF71-4BA1D8F75C02}.Debug|Any CPU.Build.0 = Debug|Any CPU
		{EF18B609-4909-4E41-BF71-4BA1D8F75C02}.Release|Any CPU.ActiveCfg = Release|Any CPU
		{EF18B609-4909-4E41-BF71-4BA1D8F75C02}.Release|Any CPU.Build.0 = Release|Any CPU
		{7256EC9D-C113-4485-9363-FF582DD9970C}.Debug|Any CPU.ActiveCfg = Debug|Any CPU
		{7256EC9D-C113-4485-9363-FF582DD9970C}.Debug|Any CPU.Build.0 = Debug|Any CPU
		{7256EC9D-C113-4485-9363-FF582DD9970C}.Release|Any CPU.ActiveCfg = Release|Any CPU
		{7256EC9D-C113-4485-9363-FF582DD9970C}.Release|Any CPU.Build.0 = Release|Any CPU
		{02AF14AE-04F7-487F-BE0B-B06B51020A40}.Debug|Any CPU.ActiveCfg = Debug|Any CPU
		{02AF14AE-04F7-487F-BE0B-B06B51020A40}.Debug|Any CPU.Build.0 = Debug|Any CPU
		{02AF14AE-04F7-487F-BE0B-B06B51020A40}.Release|Any CPU.ActiveCfg = Release|Any CPU
		{02AF14AE-04F7-487F-BE0B-B06B51020A40}.Release|Any CPU.Build.0 = Release|Any CPU
		{56CB1F7F-F4F4-40C9-8E6E-BF37F8901DB4}.Debug|Any CPU.ActiveCfg = Debug|Any CPU
		{56CB1F7F-F4F4-40C9-8E6E-BF37F8901DB4}.Debug|Any CPU.Build.0 = Debug|Any CPU
		{56CB1F7F-F4F4-40C9-8E6E-BF37F8901DB4}.Release|Any CPU.ActiveCfg = Release|Any CPU
		{56CB1F7F-F4F4-40C9-8E6E-BF37F8901DB4}.Release|Any CPU.Build.0 = Release|Any CPU
		{48DA6010-BA7D-4526-9DE0-2CF64005B9AE}.Debug|Any CPU.ActiveCfg = Debug|Any CPU
		{48DA6010-BA7D-4526-9DE0-2CF64005B9AE}.Debug|Any CPU.Build.0 = Debug|Any CPU
		{48DA6010-BA7D-4526-9DE0-2CF64005B9AE}.Release|Any CPU.ActiveCfg = Release|Any CPU
		{48DA6010-BA7D-4526-9DE0-2CF64005B9AE}.Release|Any CPU.Build.0 = Release|Any CPU
		{46F4EE35-2A06-4883-A3A6-F5B9D000D898}.Debug|Any CPU.ActiveCfg = Debug|Any CPU
		{46F4EE35-2A06-4883-A3A6-F5B9D000D898}.Debug|Any CPU.Build.0 = Debug|Any CPU
		{46F4EE35-2A06-4883-A3A6-F5B9D000D898}.Release|Any CPU.ActiveCfg = Release|Any CPU
		{46F4EE35-2A06-4883-A3A6-F5B9D000D898}.Release|Any CPU.Build.0 = Release|Any CPU
		{007DC3A7-3B55-4722-BAD0-4F086F952742}.Debug|Any CPU.ActiveCfg = Debug|Any CPU
		{007DC3A7-3B55-4722-BAD0-4F086F952742}.Debug|Any CPU.Build.0 = Debug|Any CPU
		{007DC3A7-3B55-4722-BAD0-4F086F952742}.Release|Any CPU.ActiveCfg = Release|Any CPU
		{007DC3A7-3B55-4722-BAD0-4F086F952742}.Release|Any CPU.Build.0 = Release|Any CPU
		{E2052760-5E70-4DDA-A097-55AA80D20A51}.Debug|Any CPU.ActiveCfg = Debug|Any CPU
		{E2052760-5E70-4DDA-A097-55AA80D20A51}.Debug|Any CPU.Build.0 = Debug|Any CPU
		{E2052760-5E70-4DDA-A097-55AA80D20A51}.Release|Any CPU.ActiveCfg = Release|Any CPU
		{E2052760-5E70-4DDA-A097-55AA80D20A51}.Release|Any CPU.Build.0 = Release|Any CPU
		{535CF9B0-488D-4A35-B952-88B109970338}.Debug|Any CPU.ActiveCfg = Debug|Any CPU
		{535CF9B0-488D-4A35-B952-88B109970338}.Debug|Any CPU.Build.0 = Debug|Any CPU
		{535CF9B0-488D-4A35-B952-88B109970338}.Release|Any CPU.ActiveCfg = Release|Any CPU
		{535CF9B0-488D-4A35-B952-88B109970338}.Release|Any CPU.Build.0 = Release|Any CPU
		{FAB87D7B-136B-4216-9D1C-5AFCF6B0F222}.Debug|Any CPU.ActiveCfg = Debug|Any CPU
		{FAB87D7B-136B-4216-9D1C-5AFCF6B0F222}.Debug|Any CPU.Build.0 = Debug|Any CPU
		{FAB87D7B-136B-4216-9D1C-5AFCF6B0F222}.Release|Any CPU.ActiveCfg = Release|Any CPU
		{FAB87D7B-136B-4216-9D1C-5AFCF6B0F222}.Release|Any CPU.Build.0 = Release|Any CPU
		{3E123496-A5A4-4238-A51D-AB325B6A6064}.Debug|Any CPU.ActiveCfg = Debug|Any CPU
		{3E123496-A5A4-4238-A51D-AB325B6A6064}.Debug|Any CPU.Build.0 = Debug|Any CPU
		{3E123496-A5A4-4238-A51D-AB325B6A6064}.Release|Any CPU.ActiveCfg = Release|Any CPU
		{3E123496-A5A4-4238-A51D-AB325B6A6064}.Release|Any CPU.Build.0 = Release|Any CPU
		{B2F6C657-1A6E-482D-B4C0-ADDF885F0E5D}.Debug|Any CPU.ActiveCfg = Debug|Any CPU
		{B2F6C657-1A6E-482D-B4C0-ADDF885F0E5D}.Debug|Any CPU.Build.0 = Debug|Any CPU
		{B2F6C657-1A6E-482D-B4C0-ADDF885F0E5D}.Release|Any CPU.ActiveCfg = Release|Any CPU
		{B2F6C657-1A6E-482D-B4C0-ADDF885F0E5D}.Release|Any CPU.Build.0 = Release|Any CPU
		{C086A87F-613C-40EA-B00D-4BD99E355A0A}.Debug|Any CPU.ActiveCfg = Debug|Any CPU
		{C086A87F-613C-40EA-B00D-4BD99E355A0A}.Debug|Any CPU.Build.0 = Debug|Any CPU
		{C086A87F-613C-40EA-B00D-4BD99E355A0A}.Release|Any CPU.ActiveCfg = Release|Any CPU
		{C086A87F-613C-40EA-B00D-4BD99E355A0A}.Release|Any CPU.Build.0 = Release|Any CPU
		{630A4C38-4810-4E8B-87A5-C0B86E2A1F72}.Debug|Any CPU.ActiveCfg = Debug|Any CPU
		{630A4C38-4810-4E8B-87A5-C0B86E2A1F72}.Debug|Any CPU.Build.0 = Debug|Any CPU
		{630A4C38-4810-4E8B-87A5-C0B86E2A1F72}.Release|Any CPU.ActiveCfg = Release|Any CPU
		{630A4C38-4810-4E8B-87A5-C0B86E2A1F72}.Release|Any CPU.Build.0 = Release|Any CPU
		{2C21CBD9-DC84-45AD-9399-9CB0E9076A6A}.Debug|Any CPU.ActiveCfg = Debug|Any CPU
		{2C21CBD9-DC84-45AD-9399-9CB0E9076A6A}.Debug|Any CPU.Build.0 = Debug|Any CPU
		{2C21CBD9-DC84-45AD-9399-9CB0E9076A6A}.Release|Any CPU.ActiveCfg = Release|Any CPU
		{2C21CBD9-DC84-45AD-9399-9CB0E9076A6A}.Release|Any CPU.Build.0 = Release|Any CPU
		{A9C9C6C2-D530-48E7-A6B6-73DCFC316C65}.Debug|Any CPU.ActiveCfg = Debug|Any CPU
		{A9C9C6C2-D530-48E7-A6B6-73DCFC316C65}.Debug|Any CPU.Build.0 = Debug|Any CPU
		{A9C9C6C2-D530-48E7-A6B6-73DCFC316C65}.Release|Any CPU.ActiveCfg = Release|Any CPU
		{A9C9C6C2-D530-48E7-A6B6-73DCFC316C65}.Release|Any CPU.Build.0 = Release|Any CPU
		{1C72774E-5524-48BC-9BAE-2A7B9DA1C1AC}.Debug|Any CPU.ActiveCfg = Debug|Any CPU
		{1C72774E-5524-48BC-9BAE-2A7B9DA1C1AC}.Debug|Any CPU.Build.0 = Debug|Any CPU
		{1C72774E-5524-48BC-9BAE-2A7B9DA1C1AC}.Release|Any CPU.ActiveCfg = Release|Any CPU
		{1C72774E-5524-48BC-9BAE-2A7B9DA1C1AC}.Release|Any CPU.Build.0 = Release|Any CPU
		{C2573B4D-1DE9-4A2F-906C-9641C8E016AE}.Debug|Any CPU.ActiveCfg = Debug|Any CPU
		{C2573B4D-1DE9-4A2F-906C-9641C8E016AE}.Debug|Any CPU.Build.0 = Debug|Any CPU
		{C2573B4D-1DE9-4A2F-906C-9641C8E016AE}.Release|Any CPU.ActiveCfg = Release|Any CPU
		{C2573B4D-1DE9-4A2F-906C-9641C8E016AE}.Release|Any CPU.Build.0 = Release|Any CPU
		{8ABE29D6-7B51-4890-B6CC-0A41C1269975}.Debug|Any CPU.ActiveCfg = Debug|Any CPU
		{8ABE29D6-7B51-4890-B6CC-0A41C1269975}.Debug|Any CPU.Build.0 = Debug|Any CPU
		{8ABE29D6-7B51-4890-B6CC-0A41C1269975}.Release|Any CPU.ActiveCfg = Release|Any CPU
		{8ABE29D6-7B51-4890-B6CC-0A41C1269975}.Release|Any CPU.Build.0 = Release|Any CPU
		{5EA18F75-853A-4A1A-9D04-99CDFEF21172}.Debug|Any CPU.ActiveCfg = Debug|Any CPU
		{5EA18F75-853A-4A1A-9D04-99CDFEF21172}.Debug|Any CPU.Build.0 = Debug|Any CPU
		{5EA18F75-853A-4A1A-9D04-99CDFEF21172}.Release|Any CPU.ActiveCfg = Release|Any CPU
		{5EA18F75-853A-4A1A-9D04-99CDFEF21172}.Release|Any CPU.Build.0 = Release|Any CPU
		{F87D3505-F562-4013-9EE8-04B16804057D}.Debug|Any CPU.ActiveCfg = Debug|Any CPU
		{F87D3505-F562-4013-9EE8-04B16804057D}.Debug|Any CPU.Build.0 = Debug|Any CPU
		{F87D3505-F562-4013-9EE8-04B16804057D}.Release|Any CPU.ActiveCfg = Release|Any CPU
		{F87D3505-F562-4013-9EE8-04B16804057D}.Release|Any CPU.Build.0 = Release|Any CPU
		{364661E4-81D1-41BA-9D6E-2F98D2363EFC}.Debug|Any CPU.ActiveCfg = Debug|Any CPU
		{364661E4-81D1-41BA-9D6E-2F98D2363EFC}.Debug|Any CPU.Build.0 = Debug|Any CPU
		{364661E4-81D1-41BA-9D6E-2F98D2363EFC}.Release|Any CPU.ActiveCfg = Release|Any CPU
		{364661E4-81D1-41BA-9D6E-2F98D2363EFC}.Release|Any CPU.Build.0 = Release|Any CPU
		{6A30EAA8-23D6-4ACD-9E31-85AF2F2D90B0}.Debug|Any CPU.ActiveCfg = Debug|Any CPU
		{6A30EAA8-23D6-4ACD-9E31-85AF2F2D90B0}.Debug|Any CPU.Build.0 = Debug|Any CPU
		{6A30EAA8-23D6-4ACD-9E31-85AF2F2D90B0}.Release|Any CPU.ActiveCfg = Release|Any CPU
		{6A30EAA8-23D6-4ACD-9E31-85AF2F2D90B0}.Release|Any CPU.Build.0 = Release|Any CPU
		{921FE4CF-9F1F-48A8-B607-E50F1403AA22}.Debug|Any CPU.ActiveCfg = Debug|Any CPU
		{921FE4CF-9F1F-48A8-B607-E50F1403AA22}.Debug|Any CPU.Build.0 = Debug|Any CPU
		{921FE4CF-9F1F-48A8-B607-E50F1403AA22}.Release|Any CPU.ActiveCfg = Release|Any CPU
		{921FE4CF-9F1F-48A8-B607-E50F1403AA22}.Release|Any CPU.Build.0 = Release|Any CPU
		{8ABACE6B-B141-4CB7-83BF-1172BFB980B8}.Debug|Any CPU.ActiveCfg = Debug|Any CPU
		{8ABACE6B-B141-4CB7-83BF-1172BFB980B8}.Debug|Any CPU.Build.0 = Debug|Any CPU
		{8ABACE6B-B141-4CB7-83BF-1172BFB980B8}.Release|Any CPU.ActiveCfg = Release|Any CPU
		{8ABACE6B-B141-4CB7-83BF-1172BFB980B8}.Release|Any CPU.Build.0 = Release|Any CPU
		{3D4ECD83-223E-46E7-B4EB-26BBFF3A86E6}.Debug|Any CPU.ActiveCfg = Debug|Any CPU
		{3D4ECD83-223E-46E7-B4EB-26BBFF3A86E6}.Debug|Any CPU.Build.0 = Debug|Any CPU
		{3D4ECD83-223E-46E7-B4EB-26BBFF3A86E6}.Release|Any CPU.ActiveCfg = Release|Any CPU
		{3D4ECD83-223E-46E7-B4EB-26BBFF3A86E6}.Release|Any CPU.Build.0 = Release|Any CPU
		{295D0A9B-BE19-4148-BD11-B63F06EE409A}.Debug|Any CPU.ActiveCfg = Debug|Any CPU
		{295D0A9B-BE19-4148-BD11-B63F06EE409A}.Debug|Any CPU.Build.0 = Debug|Any CPU
		{295D0A9B-BE19-4148-BD11-B63F06EE409A}.Release|Any CPU.ActiveCfg = Release|Any CPU
		{295D0A9B-BE19-4148-BD11-B63F06EE409A}.Release|Any CPU.Build.0 = Release|Any CPU
		{7714A888-55ED-4FC8-A78F-F8A53DDEEBA8}.Debug|Any CPU.ActiveCfg = Debug|Any CPU
		{7714A888-55ED-4FC8-A78F-F8A53DDEEBA8}.Debug|Any CPU.Build.0 = Debug|Any CPU
		{7714A888-55ED-4FC8-A78F-F8A53DDEEBA8}.Release|Any CPU.ActiveCfg = Release|Any CPU
		{7714A888-55ED-4FC8-A78F-F8A53DDEEBA8}.Release|Any CPU.Build.0 = Release|Any CPU
		{DC41AC9B-C506-40F0-961F-772D856FAB15}.Debug|Any CPU.ActiveCfg = Debug|Any CPU
		{DC41AC9B-C506-40F0-961F-772D856FAB15}.Debug|Any CPU.Build.0 = Debug|Any CPU
		{DC41AC9B-C506-40F0-961F-772D856FAB15}.Release|Any CPU.ActiveCfg = Release|Any CPU
		{DC41AC9B-C506-40F0-961F-772D856FAB15}.Release|Any CPU.Build.0 = Release|Any CPU
		{D92129A4-A9AB-4A23-9E6C-F7E34343535F}.Debug|Any CPU.ActiveCfg = Debug|Any CPU
		{D92129A4-A9AB-4A23-9E6C-F7E34343535F}.Debug|Any CPU.Build.0 = Debug|Any CPU
		{D92129A4-A9AB-4A23-9E6C-F7E34343535F}.Release|Any CPU.ActiveCfg = Release|Any CPU
		{D92129A4-A9AB-4A23-9E6C-F7E34343535F}.Release|Any CPU.Build.0 = Release|Any CPU
		{59AAC841-355D-4655-B36E-A110B79710CA}.Debug|Any CPU.ActiveCfg = Debug|Any CPU
		{59AAC841-355D-4655-B36E-A110B79710CA}.Debug|Any CPU.Build.0 = Debug|Any CPU
		{59AAC841-355D-4655-B36E-A110B79710CA}.Release|Any CPU.ActiveCfg = Release|Any CPU
		{59AAC841-355D-4655-B36E-A110B79710CA}.Release|Any CPU.Build.0 = Release|Any CPU
		{275A3034-3121-480B-8985-B2363A4230B3}.Debug|Any CPU.ActiveCfg = Debug|Any CPU
		{275A3034-3121-480B-8985-B2363A4230B3}.Debug|Any CPU.Build.0 = Debug|Any CPU
		{275A3034-3121-480B-8985-B2363A4230B3}.Release|Any CPU.ActiveCfg = Release|Any CPU
		{275A3034-3121-480B-8985-B2363A4230B3}.Release|Any CPU.Build.0 = Release|Any CPU
		{76215157-7DA4-4FD7-8D19-33FD8606F86A}.Debug|Any CPU.ActiveCfg = Debug|Any CPU
		{76215157-7DA4-4FD7-8D19-33FD8606F86A}.Debug|Any CPU.Build.0 = Debug|Any CPU
		{76215157-7DA4-4FD7-8D19-33FD8606F86A}.Release|Any CPU.ActiveCfg = Release|Any CPU
		{76215157-7DA4-4FD7-8D19-33FD8606F86A}.Release|Any CPU.Build.0 = Release|Any CPU
		{B2B8C79E-B832-41A5-B467-58158077B194}.Debug|Any CPU.ActiveCfg = Debug|Any CPU
		{B2B8C79E-B832-41A5-B467-58158077B194}.Debug|Any CPU.Build.0 = Debug|Any CPU
		{B2B8C79E-B832-41A5-B467-58158077B194}.Release|Any CPU.ActiveCfg = Release|Any CPU
		{B2B8C79E-B832-41A5-B467-58158077B194}.Release|Any CPU.Build.0 = Release|Any CPU
		{C0D6106C-F2EB-4D23-9983-DA22A877E9FB}.Debug|Any CPU.ActiveCfg = Debug|Any CPU
		{C0D6106C-F2EB-4D23-9983-DA22A877E9FB}.Debug|Any CPU.Build.0 = Debug|Any CPU
		{C0D6106C-F2EB-4D23-9983-DA22A877E9FB}.Release|Any CPU.ActiveCfg = Release|Any CPU
		{C0D6106C-F2EB-4D23-9983-DA22A877E9FB}.Release|Any CPU.Build.0 = Release|Any CPU
		{9E7E4D0C-7DF2-48A6-8C6D-D4C8D9680D05}.Debug|Any CPU.ActiveCfg = Debug|Any CPU
		{9E7E4D0C-7DF2-48A6-8C6D-D4C8D9680D05}.Debug|Any CPU.Build.0 = Debug|Any CPU
		{9E7E4D0C-7DF2-48A6-8C6D-D4C8D9680D05}.Release|Any CPU.ActiveCfg = Release|Any CPU
		{9E7E4D0C-7DF2-48A6-8C6D-D4C8D9680D05}.Release|Any CPU.Build.0 = Release|Any CPU
		{1EDE6CCE-BE1C-402B-809A-0B8551B7D066}.Debug|Any CPU.ActiveCfg = Debug|Any CPU
		{1EDE6CCE-BE1C-402B-809A-0B8551B7D066}.Debug|Any CPU.Build.0 = Debug|Any CPU
		{1EDE6CCE-BE1C-402B-809A-0B8551B7D066}.Release|Any CPU.ActiveCfg = Release|Any CPU
		{1EDE6CCE-BE1C-402B-809A-0B8551B7D066}.Release|Any CPU.Build.0 = Release|Any CPU
		{44060C7C-55B0-4523-80B2-2634FAA08E14}.Debug|Any CPU.ActiveCfg = Debug|Any CPU
		{44060C7C-55B0-4523-80B2-2634FAA08E14}.Debug|Any CPU.Build.0 = Debug|Any CPU
		{44060C7C-55B0-4523-80B2-2634FAA08E14}.Release|Any CPU.ActiveCfg = Release|Any CPU
		{44060C7C-55B0-4523-80B2-2634FAA08E14}.Release|Any CPU.Build.0 = Release|Any CPU
		{AA01EA86-B84E-45FC-88C5-E6B5ECDF7947}.Debug|Any CPU.ActiveCfg = Debug|Any CPU
		{AA01EA86-B84E-45FC-88C5-E6B5ECDF7947}.Debug|Any CPU.Build.0 = Debug|Any CPU
		{AA01EA86-B84E-45FC-88C5-E6B5ECDF7947}.Release|Any CPU.ActiveCfg = Release|Any CPU
		{AA01EA86-B84E-45FC-88C5-E6B5ECDF7947}.Release|Any CPU.Build.0 = Release|Any CPU
		{284A9A51-2593-4D20-B772-55597AA43C19}.Debug|Any CPU.ActiveCfg = Debug|Any CPU
		{284A9A51-2593-4D20-B772-55597AA43C19}.Debug|Any CPU.Build.0 = Debug|Any CPU
		{284A9A51-2593-4D20-B772-55597AA43C19}.Release|Any CPU.ActiveCfg = Release|Any CPU
		{284A9A51-2593-4D20-B772-55597AA43C19}.Release|Any CPU.Build.0 = Release|Any CPU
		{577BC891-12D2-4D37-B39F-287216222D57}.Debug|Any CPU.ActiveCfg = Debug|Any CPU
		{577BC891-12D2-4D37-B39F-287216222D57}.Debug|Any CPU.Build.0 = Debug|Any CPU
		{577BC891-12D2-4D37-B39F-287216222D57}.Release|Any CPU.ActiveCfg = Release|Any CPU
		{577BC891-12D2-4D37-B39F-287216222D57}.Release|Any CPU.Build.0 = Release|Any CPU
		{6D5EF377-36D8-4E23-9946-AE393B3F6B1A}.Debug|Any CPU.ActiveCfg = Debug|Any CPU
		{6D5EF377-36D8-4E23-9946-AE393B3F6B1A}.Debug|Any CPU.Build.0 = Debug|Any CPU
		{6D5EF377-36D8-4E23-9946-AE393B3F6B1A}.Release|Any CPU.ActiveCfg = Release|Any CPU
		{6D5EF377-36D8-4E23-9946-AE393B3F6B1A}.Release|Any CPU.Build.0 = Release|Any CPU
		{4C16ABC6-B045-40A3-A84E-898C49AF7BD5}.Debug|Any CPU.ActiveCfg = Debug|Any CPU
		{4C16ABC6-B045-40A3-A84E-898C49AF7BD5}.Debug|Any CPU.Build.0 = Debug|Any CPU
		{4C16ABC6-B045-40A3-A84E-898C49AF7BD5}.Release|Any CPU.ActiveCfg = Release|Any CPU
		{4C16ABC6-B045-40A3-A84E-898C49AF7BD5}.Release|Any CPU.Build.0 = Release|Any CPU
		{89853637-F51C-4A7F-AD36-7AC2673F1992}.Debug|Any CPU.ActiveCfg = Debug|Any CPU
		{89853637-F51C-4A7F-AD36-7AC2673F1992}.Debug|Any CPU.Build.0 = Debug|Any CPU
		{89853637-F51C-4A7F-AD36-7AC2673F1992}.Release|Any CPU.ActiveCfg = Release|Any CPU
		{89853637-F51C-4A7F-AD36-7AC2673F1992}.Release|Any CPU.Build.0 = Release|Any CPU
		{50C41710-CD0E-4CD2-B872-BB54D44215FD}.Debug|Any CPU.ActiveCfg = Debug|Any CPU
		{50C41710-CD0E-4CD2-B872-BB54D44215FD}.Debug|Any CPU.Build.0 = Debug|Any CPU
		{50C41710-CD0E-4CD2-B872-BB54D44215FD}.Release|Any CPU.ActiveCfg = Release|Any CPU
		{50C41710-CD0E-4CD2-B872-BB54D44215FD}.Release|Any CPU.Build.0 = Release|Any CPU
		{B05DACDB-6C36-4E20-A55E-0C06FC1C235A}.Debug|Any CPU.ActiveCfg = Debug|Any CPU
		{B05DACDB-6C36-4E20-A55E-0C06FC1C235A}.Debug|Any CPU.Build.0 = Debug|Any CPU
		{B05DACDB-6C36-4E20-A55E-0C06FC1C235A}.Release|Any CPU.ActiveCfg = Release|Any CPU
		{B05DACDB-6C36-4E20-A55E-0C06FC1C235A}.Release|Any CPU.Build.0 = Release|Any CPU
		{41542CF2-53AF-4C8F-BC17-ECC4D07B3EE8}.Debug|Any CPU.ActiveCfg = Debug|Any CPU
		{41542CF2-53AF-4C8F-BC17-ECC4D07B3EE8}.Debug|Any CPU.Build.0 = Debug|Any CPU
		{41542CF2-53AF-4C8F-BC17-ECC4D07B3EE8}.Release|Any CPU.ActiveCfg = Release|Any CPU
		{41542CF2-53AF-4C8F-BC17-ECC4D07B3EE8}.Release|Any CPU.Build.0 = Release|Any CPU
		{B63E8AE5-D51D-47A3-8938-8390E96479F5}.Debug|Any CPU.ActiveCfg = Debug|Any CPU
		{B63E8AE5-D51D-47A3-8938-8390E96479F5}.Debug|Any CPU.Build.0 = Debug|Any CPU
		{B63E8AE5-D51D-47A3-8938-8390E96479F5}.Release|Any CPU.ActiveCfg = Release|Any CPU
		{B63E8AE5-D51D-47A3-8938-8390E96479F5}.Release|Any CPU.Build.0 = Release|Any CPU
		{FDA095D7-A7B3-4663-99C9-986D18730BBD}.Debug|Any CPU.ActiveCfg = Debug|Any CPU
		{FDA095D7-A7B3-4663-99C9-986D18730BBD}.Debug|Any CPU.Build.0 = Debug|Any CPU
		{FDA095D7-A7B3-4663-99C9-986D18730BBD}.Release|Any CPU.ActiveCfg = Release|Any CPU
		{FDA095D7-A7B3-4663-99C9-986D18730BBD}.Release|Any CPU.Build.0 = Release|Any CPU
		{2BAF2090-7D7C-4AA0-AFB8-D250388CB775}.Debug|Any CPU.ActiveCfg = Debug|Any CPU
		{2BAF2090-7D7C-4AA0-AFB8-D250388CB775}.Debug|Any CPU.Build.0 = Debug|Any CPU
		{2BAF2090-7D7C-4AA0-AFB8-D250388CB775}.Release|Any CPU.ActiveCfg = Release|Any CPU
		{2BAF2090-7D7C-4AA0-AFB8-D250388CB775}.Release|Any CPU.Build.0 = Release|Any CPU
		{0E90E1D3-9828-4625-A12F-DB08B7CCFA74}.Debug|Any CPU.ActiveCfg = Debug|Any CPU
		{0E90E1D3-9828-4625-A12F-DB08B7CCFA74}.Debug|Any CPU.Build.0 = Debug|Any CPU
		{0E90E1D3-9828-4625-A12F-DB08B7CCFA74}.Release|Any CPU.ActiveCfg = Release|Any CPU
		{0E90E1D3-9828-4625-A12F-DB08B7CCFA74}.Release|Any CPU.Build.0 = Release|Any CPU
		{EEAB667E-92D7-4990-B242-BE9B288BA112}.Debug|Any CPU.ActiveCfg = Debug|Any CPU
		{EEAB667E-92D7-4990-B242-BE9B288BA112}.Debug|Any CPU.Build.0 = Debug|Any CPU
		{EEAB667E-92D7-4990-B242-BE9B288BA112}.Release|Any CPU.ActiveCfg = Release|Any CPU
		{EEAB667E-92D7-4990-B242-BE9B288BA112}.Release|Any CPU.Build.0 = Release|Any CPU
		{EBE22C54-E715-43B7-88D4-52F5BCCC0075}.Debug|Any CPU.ActiveCfg = Debug|Any CPU
		{EBE22C54-E715-43B7-88D4-52F5BCCC0075}.Debug|Any CPU.Build.0 = Debug|Any CPU
		{EBE22C54-E715-43B7-88D4-52F5BCCC0075}.Release|Any CPU.ActiveCfg = Release|Any CPU
		{EBE22C54-E715-43B7-88D4-52F5BCCC0075}.Release|Any CPU.Build.0 = Release|Any CPU
		{6DBF0198-C937-4229-B571-BD49FC034641}.Debug|Any CPU.ActiveCfg = Debug|Any CPU
		{6DBF0198-C937-4229-B571-BD49FC034641}.Debug|Any CPU.Build.0 = Debug|Any CPU
		{6DBF0198-C937-4229-B571-BD49FC034641}.Release|Any CPU.ActiveCfg = Release|Any CPU
		{6DBF0198-C937-4229-B571-BD49FC034641}.Release|Any CPU.Build.0 = Release|Any CPU
		{97AF7088-3FF8-4561-9673-C7A50D412222}.Debug|Any CPU.ActiveCfg = Debug|Any CPU
		{97AF7088-3FF8-4561-9673-C7A50D412222}.Debug|Any CPU.Build.0 = Debug|Any CPU
		{97AF7088-3FF8-4561-9673-C7A50D412222}.Release|Any CPU.ActiveCfg = Release|Any CPU
		{97AF7088-3FF8-4561-9673-C7A50D412222}.Release|Any CPU.Build.0 = Release|Any CPU
		{191EBABB-5F18-4A12-A175-6EF21E657C35}.Debug|Any CPU.ActiveCfg = Debug|Any CPU
		{191EBABB-5F18-4A12-A175-6EF21E657C35}.Debug|Any CPU.Build.0 = Debug|Any CPU
		{191EBABB-5F18-4A12-A175-6EF21E657C35}.Release|Any CPU.ActiveCfg = Release|Any CPU
		{191EBABB-5F18-4A12-A175-6EF21E657C35}.Release|Any CPU.Build.0 = Release|Any CPU
		{DC8415DF-357E-4FA7-8D9F-8E7C4B9F5473}.Debug|Any CPU.ActiveCfg = Debug|Any CPU
		{DC8415DF-357E-4FA7-8D9F-8E7C4B9F5473}.Debug|Any CPU.Build.0 = Debug|Any CPU
		{DC8415DF-357E-4FA7-8D9F-8E7C4B9F5473}.Release|Any CPU.ActiveCfg = Release|Any CPU
		{DC8415DF-357E-4FA7-8D9F-8E7C4B9F5473}.Release|Any CPU.Build.0 = Release|Any CPU
		{4A4C9F75-4120-4425-B4EE-DE9DF0232B47}.Debug|Any CPU.ActiveCfg = Debug|Any CPU
		{4A4C9F75-4120-4425-B4EE-DE9DF0232B47}.Debug|Any CPU.Build.0 = Debug|Any CPU
		{4A4C9F75-4120-4425-B4EE-DE9DF0232B47}.Release|Any CPU.ActiveCfg = Release|Any CPU
		{4A4C9F75-4120-4425-B4EE-DE9DF0232B47}.Release|Any CPU.Build.0 = Release|Any CPU
		{52E258FD-290D-469F-8CA7-FD1BE8B1B862}.Debug|Any CPU.ActiveCfg = Debug|Any CPU
		{52E258FD-290D-469F-8CA7-FD1BE8B1B862}.Debug|Any CPU.Build.0 = Debug|Any CPU
		{52E258FD-290D-469F-8CA7-FD1BE8B1B862}.Release|Any CPU.ActiveCfg = Release|Any CPU
		{52E258FD-290D-469F-8CA7-FD1BE8B1B862}.Release|Any CPU.Build.0 = Release|Any CPU
		{AEF34FF4-C828-4ABF-B04F-B2E899B7A717}.Debug|Any CPU.ActiveCfg = Debug|Any CPU
		{AEF34FF4-C828-4ABF-B04F-B2E899B7A717}.Debug|Any CPU.Build.0 = Debug|Any CPU
		{AEF34FF4-C828-4ABF-B04F-B2E899B7A717}.Release|Any CPU.ActiveCfg = Release|Any CPU
		{AEF34FF4-C828-4ABF-B04F-B2E899B7A717}.Release|Any CPU.Build.0 = Release|Any CPU
		{8F7CA876-DAB3-4898-8AA6-E19778519FBE}.Debug|Any CPU.ActiveCfg = Debug|Any CPU
		{8F7CA876-DAB3-4898-8AA6-E19778519FBE}.Debug|Any CPU.Build.0 = Debug|Any CPU
		{8F7CA876-DAB3-4898-8AA6-E19778519FBE}.Release|Any CPU.ActiveCfg = Release|Any CPU
		{8F7CA876-DAB3-4898-8AA6-E19778519FBE}.Release|Any CPU.Build.0 = Release|Any CPU
		{3A18B76C-41FE-46F9-846E-4DC6888BA807}.Debug|Any CPU.ActiveCfg = Debug|Any CPU
		{3A18B76C-41FE-46F9-846E-4DC6888BA807}.Debug|Any CPU.Build.0 = Debug|Any CPU
		{3A18B76C-41FE-46F9-846E-4DC6888BA807}.Release|Any CPU.ActiveCfg = Release|Any CPU
		{3A18B76C-41FE-46F9-846E-4DC6888BA807}.Release|Any CPU.Build.0 = Release|Any CPU
		{E5F3821B-7181-43DD-A8B9-1846B82B2FD8}.Debug|Any CPU.ActiveCfg = Debug|Any CPU
		{E5F3821B-7181-43DD-A8B9-1846B82B2FD8}.Debug|Any CPU.Build.0 = Debug|Any CPU
		{E5F3821B-7181-43DD-A8B9-1846B82B2FD8}.Release|Any CPU.ActiveCfg = Release|Any CPU
		{E5F3821B-7181-43DD-A8B9-1846B82B2FD8}.Release|Any CPU.Build.0 = Release|Any CPU
		{EB3A8137-4BC9-4E67-9C02-8B4DA7FF8883}.Debug|Any CPU.ActiveCfg = Debug|Any CPU
		{EB3A8137-4BC9-4E67-9C02-8B4DA7FF8883}.Debug|Any CPU.Build.0 = Debug|Any CPU
		{EB3A8137-4BC9-4E67-9C02-8B4DA7FF8883}.Release|Any CPU.ActiveCfg = Release|Any CPU
		{EB3A8137-4BC9-4E67-9C02-8B4DA7FF8883}.Release|Any CPU.Build.0 = Release|Any CPU
		{41DFBEE6-C28E-4152-A5D6-AC465496534C}.Debug|Any CPU.ActiveCfg = Debug|Any CPU
		{41DFBEE6-C28E-4152-A5D6-AC465496534C}.Debug|Any CPU.Build.0 = Debug|Any CPU
		{41DFBEE6-C28E-4152-A5D6-AC465496534C}.Release|Any CPU.ActiveCfg = Release|Any CPU
		{41DFBEE6-C28E-4152-A5D6-AC465496534C}.Release|Any CPU.Build.0 = Release|Any CPU
		{0C117E13-F2FD-4010-9C64-29C355614B26}.Debug|Any CPU.ActiveCfg = Debug|Any CPU
		{0C117E13-F2FD-4010-9C64-29C355614B26}.Debug|Any CPU.Build.0 = Debug|Any CPU
		{0C117E13-F2FD-4010-9C64-29C355614B26}.Release|Any CPU.ActiveCfg = Release|Any CPU
		{0C117E13-F2FD-4010-9C64-29C355614B26}.Release|Any CPU.Build.0 = Release|Any CPU
		{887E3A88-3413-41CF-806C-E681DD98A158}.Debug|Any CPU.ActiveCfg = Debug|Any CPU
		{887E3A88-3413-41CF-806C-E681DD98A158}.Debug|Any CPU.Build.0 = Debug|Any CPU
		{887E3A88-3413-41CF-806C-E681DD98A158}.Release|Any CPU.ActiveCfg = Release|Any CPU
		{887E3A88-3413-41CF-806C-E681DD98A158}.Release|Any CPU.Build.0 = Release|Any CPU
		{F35E7E23-801C-45E3-B0C3-D2119612400D}.Debug|Any CPU.ActiveCfg = Debug|Any CPU
		{F35E7E23-801C-45E3-B0C3-D2119612400D}.Debug|Any CPU.Build.0 = Debug|Any CPU
		{F35E7E23-801C-45E3-B0C3-D2119612400D}.Release|Any CPU.ActiveCfg = Release|Any CPU
		{F35E7E23-801C-45E3-B0C3-D2119612400D}.Release|Any CPU.Build.0 = Release|Any CPU
		{2F66AD61-6A0C-404B-B913-FF64422576D1}.Debug|Any CPU.ActiveCfg = Debug|Any CPU
		{2F66AD61-6A0C-404B-B913-FF64422576D1}.Debug|Any CPU.Build.0 = Debug|Any CPU
		{2F66AD61-6A0C-404B-B913-FF64422576D1}.Release|Any CPU.ActiveCfg = Release|Any CPU
		{2F66AD61-6A0C-404B-B913-FF64422576D1}.Release|Any CPU.Build.0 = Release|Any CPU
		{B1DD81E0-173C-4FEC-97D4-F66322395D85}.Debug|Any CPU.ActiveCfg = Debug|Any CPU
		{B1DD81E0-173C-4FEC-97D4-F66322395D85}.Debug|Any CPU.Build.0 = Debug|Any CPU
		{B1DD81E0-173C-4FEC-97D4-F66322395D85}.Release|Any CPU.ActiveCfg = Release|Any CPU
		{B1DD81E0-173C-4FEC-97D4-F66322395D85}.Release|Any CPU.Build.0 = Release|Any CPU
		{96B199DC-ADCD-4745-923E-219C1E3D8409}.Debug|Any CPU.ActiveCfg = Debug|Any CPU
		{96B199DC-ADCD-4745-923E-219C1E3D8409}.Debug|Any CPU.Build.0 = Debug|Any CPU
		{96B199DC-ADCD-4745-923E-219C1E3D8409}.Release|Any CPU.ActiveCfg = Release|Any CPU
		{96B199DC-ADCD-4745-923E-219C1E3D8409}.Release|Any CPU.Build.0 = Release|Any CPU
		{244E9EA3-50E0-400F-B066-9BBB673A4A4F}.Debug|Any CPU.ActiveCfg = Debug|Any CPU
		{244E9EA3-50E0-400F-B066-9BBB673A4A4F}.Debug|Any CPU.Build.0 = Debug|Any CPU
		{244E9EA3-50E0-400F-B066-9BBB673A4A4F}.Release|Any CPU.ActiveCfg = Release|Any CPU
		{244E9EA3-50E0-400F-B066-9BBB673A4A4F}.Release|Any CPU.Build.0 = Release|Any CPU
		{54091CB1-6B6B-473A-9695-46275A2EBEB0}.Debug|Any CPU.ActiveCfg = Debug|Any CPU
		{54091CB1-6B6B-473A-9695-46275A2EBEB0}.Debug|Any CPU.Build.0 = Debug|Any CPU
		{54091CB1-6B6B-473A-9695-46275A2EBEB0}.Release|Any CPU.ActiveCfg = Release|Any CPU
		{54091CB1-6B6B-473A-9695-46275A2EBEB0}.Release|Any CPU.Build.0 = Release|Any CPU
		{2934F163-A9C6-4A75-A07B-D08868EB496F}.Debug|Any CPU.ActiveCfg = Debug|Any CPU
		{2934F163-A9C6-4A75-A07B-D08868EB496F}.Debug|Any CPU.Build.0 = Debug|Any CPU
		{2934F163-A9C6-4A75-A07B-D08868EB496F}.Release|Any CPU.ActiveCfg = Release|Any CPU
		{2934F163-A9C6-4A75-A07B-D08868EB496F}.Release|Any CPU.Build.0 = Release|Any CPU
		{170233C0-34F4-4493-899A-7E8EAD8D8B55}.Debug|Any CPU.ActiveCfg = Debug|Any CPU
		{170233C0-34F4-4493-899A-7E8EAD8D8B55}.Debug|Any CPU.Build.0 = Debug|Any CPU
		{170233C0-34F4-4493-899A-7E8EAD8D8B55}.Release|Any CPU.ActiveCfg = Release|Any CPU
		{170233C0-34F4-4493-899A-7E8EAD8D8B55}.Release|Any CPU.Build.0 = Release|Any CPU
	EndGlobalSection
EndGlobal
